{
  "version": 4,
  "terraform_version": "1.6.1",
  "serial": 10,
  "lineage": "0eec491b-7eb7-c532-6848-103b959df13b",
  "outputs": {
    "access_instructions": {
      "value": "To access SigNoz:\n\nOption 1 - NodePort:\n1. Get minikube IP: minikube ip\n2. Access SigNoz at: http://$(minikube ip):30080\n\nOption 2 - Ingress (if enabled):\n1. Enable ingress addon: minikube addons enable ingress\n2. Add to /etc/hosts: echo \"$(minikube ip) signoz.local\" | sudo tee -a /etc/hosts\n3. Access SigNoz at: http://signoz.local\n\nOption 3 - Port Forward:\nkubectl port-forward -n signoz svc/signoz-frontend 3301:3301\nThen access at: http://localhost:3301\n\nTo access Tekton Dashboard:\n1. Access at: http://$(minikube ip):30097\n2. Or use: minikube service tekton-dashboard-nodeport -n tekton-pipelines\n",
      "type": "string"
    },
    "signoz_frontend_url": {
      "value": "http://$(minikube ip):30080",
      "type": "string"
    },
    "signoz_ingress_url": {
      "value": "http://signoz.local",
      "type": "string"
    },
    "signoz_namespace": {
      "value": "signoz",
      "type": "string"
    },
    "tekton_dashboard_url": {
      "value": "http://$(minikube ip):30097",
      "type": "string"
    }
  },
  "resources": [
    {
      "mode": "managed",
      "type": "helm_release",
      "name": "signoz",
      "provider": "provider[\"registry.terraform.io/hashicorp/helm\"]",
      "instances": [
        {
          "schema_version": 1,
          "attributes": {
            "atomic": false,
            "chart": "signoz",
            "cleanup_on_fail": false,
            "create_namespace": false,
            "dependency_update": false,
            "description": null,
            "devel": null,
            "disable_crd_hooks": false,
            "disable_openapi_validation": false,
            "disable_webhooks": false,
            "force_update": false,
            "id": "signoz",
            "keyring": null,
            "lint": false,
            "manifest": null,
            "max_history": 0,
            "metadata": [
              {
                "app_version": "0.51.0",
                "chart": "signoz",
                "first_deployed": 1756342400,
                "last_deployed": 1756342400,
                "name": "signoz",
                "namespace": "signoz",
                "notes": "\n1. You have just deployed SigNoz cluster:\n\n- frontend version: '0.51.0'\n- query-service version: '0.51.0'\n- alertmanager version: '0.23.5'\n- otel-collector version: '0.102.3'\n- otel-collector-metrics version: '0.102.3'\n\n2. Get the application URL by running these commands:\n\n  export NODE_PORT=$(kubectl get --namespace signoz -o jsonpath=\"{.spec.ports[0].nodePort}\" services signoz-frontend)\n  export NODE_IP=$(kubectl get nodes --namespace signoz -o jsonpath=\"{.items[0].status.addresses[0].address}\")\n  echo http://$NODE_IP:$NODE_PORT\n\n\nIf you have any ideas, questions, or any feedback, please share on our Github Discussions:\n  https://github.com/SigNoz/signoz/discussions/713\n\nCHART NAME: zookeeper\nCHART VERSION: 11.4.2\nAPP VERSION: 3.8.1\n\n** Please be patient while the chart is being deployed **\n\nZooKeeper can be accessed via port 2181 on the following DNS name from within your cluster:\n\n    signoz-zookeeper.signoz.svc.cluster.local\n\nTo connect to your ZooKeeper server run the following commands:\n\n    export POD_NAME=$(kubectl get pods --namespace signoz -l \"app.kubernetes.io/name=zookeeper,app.kubernetes.io/instance=signoz,app.kubernetes.io/component=zookeeper\" -o jsonpath=\"{.items[0].metadata.name}\")\n    kubectl exec -it $POD_NAME -- zkCli.sh\n\nTo connect to your ZooKeeper server from outside the cluster execute the following commands:\n\n    kubectl port-forward --namespace signoz svc/signoz-zookeeper 2181:2181 \u0026\n    zkCli.sh 127.0.0.1:2181\nWARNING: Rolling tag detected (bitnami/zookeeper:3.7.1), please note that it is strongly recommended to avoid using rolling tags in a production environment.\n+info https://docs.bitnami.com/containers/how-to/understand-rolling-tags-containers/\n",
                "revision": 1,
                "values": "{\"alertmanager\":{\"persistence\":{\"enabled\":true,\"storageClass\":\"standard\"}},\"clickhouse\":{\"persistence\":{\"enabled\":true,\"size\":\"20Gi\",\"storageClass\":\"standard\"}},\"frontend\":{\"service\":{\"nodePort\":30080,\"type\":\"NodePort\"}},\"queryService\":{\"persistence\":{\"enabled\":true,\"storageClass\":\"standard\"}}}",
                "version": "0.48.0"
              }
            ],
            "name": "signoz",
            "namespace": "signoz",
            "pass_credentials": false,
            "postrender": [],
            "recreate_pods": false,
            "render_subchart_notes": true,
            "replace": false,
            "repository": "https://charts.signoz.io",
            "repository_ca_file": null,
            "repository_cert_file": null,
            "repository_key_file": null,
            "repository_password": null,
            "repository_username": null,
            "reset_values": false,
            "reuse_values": false,
            "set": [],
            "set_list": [],
            "set_sensitive": [],
            "skip_crds": false,
            "status": "deployed",
            "timeout": 300,
            "upgrade_install": null,
            "values": [
              "\"alertmanager\":\n  \"persistence\":\n    \"enabled\": true\n    \"storageClass\": \"standard\"\n\"clickhouse\":\n  \"persistence\":\n    \"enabled\": true\n    \"size\": \"20Gi\"\n    \"storageClass\": \"standard\"\n\"frontend\":\n  \"service\":\n    \"nodePort\": 30080\n    \"type\": \"NodePort\"\n\"queryService\":\n  \"persistence\":\n    \"enabled\": true\n    \"storageClass\": \"standard\"\n"
            ],
            "verify": false,
            "version": "0.48.0",
            "wait": true,
            "wait_for_jobs": false
          },
          "sensitive_attributes": [],
          "private": "eyJzY2hlbWFfdmVyc2lvbiI6IjEifQ==",
          "dependencies": [
            "kubernetes_namespace.signoz"
          ]
        }
      ]
    },
    {
      "mode": "managed",
      "type": "kubernetes_ingress_v1",
      "name": "signoz",
      "provider": "provider[\"registry.terraform.io/hashicorp/kubernetes\"]",
      "instances": [
        {
          "schema_version": 0,
          "attributes": {
            "id": "signoz/signoz-ingress",
            "metadata": [
              {
                "annotations": {
                  "kubernetes.io/ingress.class": "nginx",
                  "nginx.ingress.kubernetes.io/rewrite-target": "/"
                },
                "generate_name": "",
                "generation": 1,
                "labels": {},
                "name": "signoz-ingress",
                "namespace": "signoz",
                "resource_version": "2441",
                "uid": "fb9af11f-f5fb-42ea-8e76-ebb08733b5d4"
              }
            ],
            "spec": [
              {
                "default_backend": [],
                "ingress_class_name": "",
                "rule": [
                  {
                    "host": "signoz.local",
                    "http": [
                      {
                        "path": [
                          {
                            "backend": [
                              {
                                "resource": [],
                                "service": [
                                  {
                                    "name": "signoz-frontend",
                                    "port": [
                                      {
                                        "name": "",
                                        "number": 3301
                                      }
                                    ]
                                  }
                                ]
                              }
                            ],
                            "path": "/",
                            "path_type": "Prefix"
                          }
                        ]
                      }
                    ]
                  }
                ],
                "tls": []
              }
            ],
            "status": [
              {
                "load_balancer": [
                  {
                    "ingress": [
                      {
                        "hostname": "",
                        "ip": "192.168.49.2"
                      }
                    ]
                  }
                ]
              }
            ],
            "timeouts": null,
            "wait_for_load_balancer": null
          },
          "sensitive_attributes": [],
          "private": "eyJlMmJmYjczMC1lY2FhLTExZTYtOGY4OC0zNDM2M2JjN2M0YzAiOnsiY3JlYXRlIjoxMjAwMDAwMDAwMDAwLCJkZWxldGUiOjEyMDAwMDAwMDAwMDB9fQ==",
          "dependencies": [
            "helm_release.signoz",
            "kubernetes_namespace.signoz"
          ]
        }
      ]
    },
    {
      "mode": "managed",
      "type": "kubernetes_manifest",
      "name": "tekton_pipelines",
      "provider": "provider[\"registry.terraform.io/hashicorp/kubernetes\"]",
      "instances": [
        {
          "schema_version": 1,
          "attributes": {
            "computed_fields": null,
            "field_manager": [],
            "manifest": {
              "value": {
                "apiVersion": "v1",
                "data": {
                  "install": "kubectl apply --filename https://storage.googleapis.com/tekton-releases/pipeline/latest/release.yaml"
                },
                "kind": "ConfigMap",
                "metadata": {
                  "name": "tekton-install",
                  "namespace": "tekton-pipelines"
                }
              },
              "type": [
                "object",
                {
                  "apiVersion": "string",
                  "data": [
                    "object",
                    {
                      "install": "string"
                    }
                  ],
                  "kind": "string",
                  "metadata": [
                    "object",
                    {
                      "name": "string",
                      "namespace": "string"
                    }
                  ]
                }
              ]
            },
            "object": {
              "value": {
                "apiVersion": "v1",
                "binaryData": null,
                "data": {
                  "install": "kubectl apply --filename https://storage.googleapis.com/tekton-releases/pipeline/latest/release.yaml"
                },
                "immutable": null,
                "kind": "ConfigMap",
                "metadata": {
                  "annotations": null,
                  "creationTimestamp": null,
                  "deletionGracePeriodSeconds": null,
                  "deletionTimestamp": null,
                  "finalizers": null,
                  "generateName": null,
                  "generation": null,
                  "labels": null,
                  "managedFields": null,
                  "name": "tekton-install",
                  "namespace": "tekton-pipelines",
                  "ownerReferences": null,
                  "resourceVersion": null,
                  "selfLink": null,
                  "uid": null
                }
              },
              "type": [
                "object",
                {
                  "apiVersion": "string",
                  "binaryData": [
                    "map",
                    "string"
                  ],
                  "data": [
                    "map",
                    "string"
                  ],
                  "immutable": "bool",
                  "kind": "string",
                  "metadata": [
                    "object",
                    {
                      "annotations": [
                        "map",
                        "string"
                      ],
                      "creationTimestamp": "string",
                      "deletionGracePeriodSeconds": "number",
                      "deletionTimestamp": "string",
                      "finalizers": [
                        "list",
                        "string"
                      ],
                      "generateName": "string",
                      "generation": "number",
                      "labels": [
                        "map",
                        "string"
                      ],
                      "managedFields": [
                        "tuple",
                        [
                          [
                            "object",
                            {
                              "apiVersion": "string",
                              "fieldsType": "string",
                              "fieldsV1": "dynamic",
                              "manager": "string",
                              "operation": "string",
                              "subresource": "string",
                              "time": "string"
                            }
                          ]
                        ]
                      ],
                      "name": "string",
                      "namespace": "string",
                      "ownerReferences": [
                        "list",
                        [
                          "object",
                          {
                            "apiVersion": "string",
                            "blockOwnerDeletion": "bool",
                            "controller": "bool",
                            "kind": "string",
                            "name": "string",
                            "uid": "string"
                          }
                        ]
                      ],
                      "resourceVersion": "string",
                      "selfLink": "string",
                      "uid": "string"
                    }
                  ]
                }
              ]
            },
            "timeouts": [],
            "wait": [],
            "wait_for": null
          },
          "sensitive_attributes": [],
          "dependencies": [
            "kubernetes_namespace.tekton-pipelines"
          ]
        }
      ]
    },
    {
      "mode": "managed",
      "type": "kubernetes_namespace",
      "name": "signoz",
      "provider": "provider[\"registry.terraform.io/hashicorp/kubernetes\"]",
      "instances": [
        {
          "schema_version": 0,
          "attributes": {
            "id": "signoz",
            "metadata": [
              {
                "annotations": {},
                "generate_name": "",
                "generation": 0,
                "labels": {},
                "name": "signoz",
                "resource_version": "1758",
                "uid": "392fbad3-2072-4e2f-8823-9d2b7edf2aaa"
              }
            ],
            "timeouts": null,
            "wait_for_default_service_account": false
          },
          "sensitive_attributes": [],
          "private": "eyJlMmJmYjczMC1lY2FhLTExZTYtOGY4OC0zNDM2M2JjN2M0YzAiOnsiZGVsZXRlIjozMDAwMDAwMDAwMDB9fQ=="
        }
      ]
    },
    {
      "mode": "managed",
      "type": "kubernetes_namespace",
      "name": "tekton-pipelines",
      "provider": "provider[\"registry.terraform.io/hashicorp/kubernetes\"]",
      "instances": [
        {
          "schema_version": 0,
          "attributes": {
            "id": "tekton-pipelines",
            "metadata": [
              {
                "annotations": null,
                "generate_name": "",
                "generation": 0,
                "labels": null,
                "name": "tekton-pipelines",
                "resource_version": "3785",
                "uid": "0ace5c8d-dc90-48f6-b6c3-c2257d599d86"
              }
            ],
            "timeouts": null,
            "wait_for_default_service_account": false
          },
          "sensitive_attributes": [],
          "private": "eyJlMmJmYjczMC1lY2FhLTExZTYtOGY4OC0zNDM2M2JjN2M0YzAiOnsiZGVsZXRlIjozMDAwMDAwMDAwMDB9fQ=="
        }
      ]
    },
    {
      "mode": "managed",
      "type": "kubernetes_service",
      "name": "tekton_dashboard_nodeport",
      "provider": "provider[\"registry.terraform.io/hashicorp/kubernetes\"]",
      "instances": [
        {
          "schema_version": 1,
          "attributes": {
            "id": "tekton-pipelines/tekton-dashboard-nodeport",
            "metadata": [
              {
                "annotations": null,
                "generate_name": "",
                "generation": 0,
                "labels": null,
                "name": "tekton-dashboard-nodeport",
                "namespace": "tekton-pipelines",
                "resource_version": "3995",
                "uid": "a21e70b4-0239-45bc-a089-093e31708b66"
              }
            ],
            "spec": [
              {
                "allocate_load_balancer_node_ports": true,
                "cluster_ip": "10.106.2.148",
                "cluster_ips": [
                  "10.106.2.148"
                ],
                "external_ips": null,
                "external_name": "",
                "external_traffic_policy": "Cluster",
                "health_check_node_port": 0,
                "internal_traffic_policy": "Cluster",
                "ip_families": [
                  "IPv4"
                ],
                "ip_family_policy": "SingleStack",
                "load_balancer_class": "",
                "load_balancer_ip": "",
                "load_balancer_source_ranges": null,
                "port": [
                  {
                    "app_protocol": "",
                    "name": "",
                    "node_port": 30097,
                    "port": 9097,
                    "protocol": "TCP",
                    "target_port": "9097"
                  }
                ],
                "publish_not_ready_addresses": false,
                "selector": {
                  "app.kubernetes.io/component": "dashboard",
                  "app.kubernetes.io/instance": "default",
                  "app.kubernetes.io/name": "dashboard",
                  "app.kubernetes.io/part-of": "tekton-dashboard"
                },
                "session_affinity": "None",
                "session_affinity_config": [],
                "type": "NodePort"
              }
            ],
            "status": [
              {
                "load_balancer": [
                  {
                    "ingress": []
                  }
                ]
              }
            ],
            "timeouts": null,
            "wait_for_load_balancer": true
          },
          "sensitive_attributes": [],
          "private": "eyJlMmJmYjczMC1lY2FhLTExZTYtOGY4OC0zNDM2M2JjN2M0YzAiOnsiY3JlYXRlIjo2MDAwMDAwMDAwMDB9LCJzY2hlbWFfdmVyc2lvbiI6IjEifQ==",
          "dependencies": [
            "kubernetes_namespace.tekton-pipelines",
            "null_resource.install_tekton_dashboard",
            "null_resource.install_tekton_pipelines"
          ]
        }
      ]
    },
    {
      "mode": "managed",
      "type": "null_resource",
      "name": "install_tekton_dashboard",
      "provider": "provider[\"registry.terraform.io/hashicorp/null\"]",
      "instances": [
        {
          "schema_version": 0,
          "attributes": {
            "id": "8250367260124339095",
            "triggers": null
          },
          "sensitive_attributes": [],
          "dependencies": [
            "kubernetes_namespace.tekton-pipelines",
            "null_resource.install_tekton_pipelines"
          ]
        }
      ]
    },
    {
      "mode": "managed",
      "type": "null_resource",
      "name": "install_tekton_pipelines",
      "provider": "provider[\"registry.terraform.io/hashicorp/null\"]",
      "instances": [
        {
          "schema_version": 0,
          "attributes": {
            "id": "6692096708946623243",
            "triggers": null
          },
          "sensitive_attributes": [],
          "dependencies": [
            "kubernetes_namespace.tekton-pipelines"
          ]
        }
      ]
    }
  ],
  "check_results": null
}
