{
  "version": 4,
  "terraform_version": "1.5.7",
  "serial": 44,
  "lineage": "a33aa68b-d363-de4c-6f88-1fc8a01004c6",
  "outputs": {
    "agent_private_ips": {
      "value": [
        "10.0.0.84",
        "10.0.0.144"
      ],
      "type": [
        "tuple",
        [
          "string",
          "string"
        ]
      ]
    },
    "agent_public_ips": {
      "value": [
        "146.56.164.125",
        "152.70.93.64"
      ],
      "type": [
        "tuple",
        [
          "string",
          "string"
        ]
      ]
    },
    "argocd_password_command": {
      "value": "kubectl -n argocd get secret argocd-initial-admin-secret -o jsonpath='{.data.password}' | base64 -d",
      "type": "string"
    },
    "argocd_url": {
      "value": "https://193.122.121.37:30443",
      "type": "string"
    },
    "domain": {
      "value": "oracle.shdkej.com",
      "type": "string"
    },
    "domain_url": {
      "value": "https://oracle.shdkej.com",
      "type": "string"
    },
    "domain_wildcard": {
      "value": "*.oracle.shdkej.com",
      "type": "string"
    },
    "grafana_password_command": {
      "value": "kubectl -n monitoring get secret kube-prometheus-stack-grafana -o jsonpath='{.data.admin-password}' | base64 -d",
      "type": "string"
    },
    "grafana_url": {
      "value": "http://193.122.121.37:30090",
      "type": "string"
    },
    "ingress_http_url": {
      "value": "http://193.122.121.37:30080",
      "type": "string"
    },
    "ingress_https_url": {
      "value": "https://193.122.121.37:30443",
      "type": "string"
    },
    "kubeconfig_export": {
      "value": "export KUBECONFIG=/Users/seongho-noh/workspace/space/infra-oracle/.kubeconfig",
      "type": "string"
    },
    "kubeconfig_path": {
      "value": "/Users/seongho-noh/workspace/space/infra-oracle/.kubeconfig",
      "type": "string"
    },
    "lb_public_ip": {
      "value": "146.56.139.109",
      "type": "string"
    },
    "lb_url": {
      "value": "http://146.56.139.109",
      "type": "string"
    },
    "security_list_id": {
      "value": "ocid1.securitylist.oc1.ap-seoul-1.aaaaaaaadb27wauovpy6d7w4qtten2mvzw3rmafuqu2g2ftenkw5wzyksxbq",
      "type": "string"
    },
    "server_private_ip": {
      "value": "10.0.0.65",
      "type": "string"
    },
    "server_public_ip": {
      "value": "193.122.121.37",
      "type": "string"
    }
  },
  "resources": [
    {
      "mode": "data",
      "type": "oci_core_instance",
      "name": "agents",
      "provider": "provider[\"registry.terraform.io/oracle/oci\"]",
      "instances": [
        {
          "index_key": 0,
          "schema_version": 0,
          "attributes": {
            "agent_config": [
              {
                "are_all_plugins_disabled": false,
                "is_management_disabled": false,
                "is_monitoring_disabled": false,
                "plugins_config": [
                  {
                    "desired_state": "DISABLED",
                    "name": "Vulnerability Scanning"
                  },
                  {
                    "desired_state": "DISABLED",
                    "name": "Management Agent"
                  },
                  {
                    "desired_state": "ENABLED",
                    "name": "Custom Logs Monitoring"
                  },
                  {
                    "desired_state": "DISABLED",
                    "name": "Compute RDMA GPU Monitoring"
                  },
                  {
                    "desired_state": "ENABLED",
                    "name": "Compute Instance Monitoring"
                  },
                  {
                    "desired_state": "DISABLED",
                    "name": "Compute HPC RDMA Auto-Configuration"
                  },
                  {
                    "desired_state": "DISABLED",
                    "name": "Compute HPC RDMA Authentication"
                  },
                  {
                    "desired_state": "ENABLED",
                    "name": "Cloud Guard Workload Protection"
                  },
                  {
                    "desired_state": "DISABLED",
                    "name": "Block Volume Management"
                  },
                  {
                    "desired_state": "DISABLED",
                    "name": "Bastion"
                  }
                ]
              }
            ],
            "async": null,
            "availability_config": [
              {
                "is_live_migration_preferred": false,
                "recovery_action": "RESTORE_INSTANCE"
              }
            ],
            "availability_domain": "jTyP:AP-SEOUL-1-AD-1",
            "boot_volume_id": "ocid1.bootvolume.oc1.ap-seoul-1.abuwgljrd3xoi5omk2d4icmakwh7mbjkavmejo5p6xri3vqvrpvvbsf6jlgq",
            "capacity_reservation_id": null,
            "cluster_placement_group_id": null,
            "compartment_id": "ocid1.tenancy.oc1..aaaaaaaazdw5dr7c6knes27ona5oesxvh3jnfdc2nw2lbh3hbokiw3wqbhta",
            "compute_cluster_id": null,
            "create_vnic_details": null,
            "dedicated_vm_host_id": null,
            "defined_tags": {
              "Oracle-Tags.CreatedBy": "default/shdkej@gmail.com",
              "Oracle-Tags.CreatedOn": "2026-02-05T03:31:43.100Z"
            },
            "display_name": "oracle-arm-1",
            "extended_metadata": null,
            "fault_domain": "FAULT-DOMAIN-3",
            "freeform_tags": {},
            "hostname_label": "oracle-arm-1",
            "id": "ocid1.instance.oc1.ap-seoul-1.anuwgljr7h4sxcicsvxi53vsk4ysi6qwjcunxfxien2l3t6iv7gl3xkilh7a",
            "image": "ocid1.image.oc1.ap-seoul-1.aaaaaaaaheoeqfkk7j6aqlqa5ppalatsaxqxftcnoz6erj36wo3cowt6bfba",
            "instance_configuration_id": null,
            "instance_id": "ocid1.instance.oc1.ap-seoul-1.anuwgljr7h4sxcicsvxi53vsk4ysi6qwjcunxfxien2l3t6iv7gl3xkilh7a",
            "instance_options": [
              {
                "are_legacy_imds_endpoints_disabled": false
              }
            ],
            "ipxe_script": null,
            "is_cross_numa_node": false,
            "is_pv_encryption_in_transit_enabled": null,
            "launch_mode": "PARAVIRTUALIZED",
            "launch_options": [
              {
                "boot_volume_type": "PARAVIRTUALIZED",
                "firmware": "UEFI_64",
                "is_consistent_volume_naming_enabled": true,
                "is_pv_encryption_in_transit_enabled": true,
                "network_type": "PARAVIRTUALIZED",
                "remote_data_volume_type": "PARAVIRTUALIZED"
              }
            ],
            "launch_volume_attachments": null,
            "metadata": {
              "ssh_authorized_keys": "ssh-rsa AAAAB3NzaC1yc2EAAAADAQABAAABAQDNS/JZ/KVyFEyF8IciiLtiMjDhRo7G92o52Y/gTWQOK1fgPsLEI7vl2l833hxVOKcgbl4Yk4DNuYxXaj8pM92MUPzwg0bnWOeedIOa2KJ0dCOjTcnDcke6cg8b6CQK3H30JGB4yYUNzwy9GDKFCRpQf6ggw0vtZGcfCmtd4AL3GjdFhajElVB9cIpmre6+QwaRYTPJQpQBid959z56ti0kSr+SkuzNUICGT5hUhufio2sBtcgEprbXXAuOX4ZJpMXLPt6EMbm353EEjmu2d2SGxheUTNlbvj5GIFJh4zEUOa+mFQGz0oT8E0Z88NRX3l8K/JDfUIQ96ZSbFW9hOGZ1 ssh-key-2026-02-05"
            },
            "platform_config": [],
            "preemptible_instance_config": [],
            "preserve_boot_volume": null,
            "preserve_data_volumes_created_at_launch": null,
            "private_ip": "10.0.0.84",
            "public_ip": "146.56.164.125",
            "region": "ap-seoul-1",
            "shape": "VM.Standard.A1.Flex",
            "shape_config": [
              {
                "baseline_ocpu_utilization": "",
                "gpu_description": "",
                "gpus": 0,
                "local_disk_description": "",
                "local_disks": 0,
                "local_disks_total_size_in_gbs": 0,
                "max_vnic_attachments": 2,
                "memory_in_gbs": 6,
                "networking_bandwidth_in_gbps": 1,
                "nvmes": 0,
                "ocpus": 1,
                "processor_description": "3.0 GHz Ampere® Altra™",
                "vcpus": 1
              }
            ],
            "source_details": [
              {
                "boot_volume_size_in_gbs": "47",
                "boot_volume_vpus_per_gb": "10",
                "instance_source_image_filter_details": [],
                "is_preserve_boot_volume_enabled": false,
                "kms_key_id": "",
                "source_id": "ocid1.image.oc1.ap-seoul-1.aaaaaaaaheoeqfkk7j6aqlqa5ppalatsaxqxftcnoz6erj36wo3cowt6bfba",
                "source_type": "image"
              }
            ],
            "state": "RUNNING",
            "subnet_id": "ocid1.subnet.oc1.ap-seoul-1.aaaaaaaa4fkpsm66o6chhjzsj5lbdgqhh5sv3t7aa4omdy6cvya5jazad3da",
            "system_tags": {},
            "time_created": "2026-02-05 03:31:43.398 +0000 UTC",
            "time_maintenance_reboot_due": null,
            "update_operation_constraint": null
          },
          "sensitive_attributes": []
        },
        {
          "index_key": 1,
          "schema_version": 0,
          "attributes": {
            "agent_config": [
              {
                "are_all_plugins_disabled": false,
                "is_management_disabled": false,
                "is_monitoring_disabled": false,
                "plugins_config": [
                  {
                    "desired_state": "DISABLED",
                    "name": "Vulnerability Scanning"
                  },
                  {
                    "desired_state": "DISABLED",
                    "name": "Management Agent"
                  },
                  {
                    "desired_state": "ENABLED",
                    "name": "Custom Logs Monitoring"
                  },
                  {
                    "desired_state": "DISABLED",
                    "name": "Compute RDMA GPU Monitoring"
                  },
                  {
                    "desired_state": "ENABLED",
                    "name": "Compute Instance Monitoring"
                  },
                  {
                    "desired_state": "DISABLED",
                    "name": "Compute HPC RDMA Auto-Configuration"
                  },
                  {
                    "desired_state": "DISABLED",
                    "name": "Compute HPC RDMA Authentication"
                  },
                  {
                    "desired_state": "ENABLED",
                    "name": "Cloud Guard Workload Protection"
                  },
                  {
                    "desired_state": "DISABLED",
                    "name": "Block Volume Management"
                  },
                  {
                    "desired_state": "DISABLED",
                    "name": "Bastion"
                  }
                ]
              }
            ],
            "async": null,
            "availability_config": [
              {
                "is_live_migration_preferred": false,
                "recovery_action": "RESTORE_INSTANCE"
              }
            ],
            "availability_domain": "jTyP:AP-SEOUL-1-AD-1",
            "boot_volume_id": "ocid1.bootvolume.oc1.ap-seoul-1.abuwgljrdcz3jhp3jy2fzstndtyisponkfsqet4iafpt47mpsdavjgdp4v4a",
            "capacity_reservation_id": null,
            "cluster_placement_group_id": null,
            "compartment_id": "ocid1.tenancy.oc1..aaaaaaaazdw5dr7c6knes27ona5oesxvh3jnfdc2nw2lbh3hbokiw3wqbhta",
            "compute_cluster_id": null,
            "create_vnic_details": null,
            "dedicated_vm_host_id": null,
            "defined_tags": {
              "Oracle-Tags.CreatedBy": "default/shdkej@gmail.com",
              "Oracle-Tags.CreatedOn": "2026-02-05T03:44:06.529Z"
            },
            "display_name": "oracle-amd-1",
            "extended_metadata": null,
            "fault_domain": "FAULT-DOMAIN-3",
            "freeform_tags": {},
            "hostname_label": "oracle-amd-1",
            "id": "ocid1.instance.oc1.ap-seoul-1.anuwgljr7h4sxcickhxccb2jpzfpmleltag6jd4wkh4ke56d2ydw7csh5u4q",
            "image": "ocid1.image.oc1.ap-seoul-1.aaaaaaaa4uy4dwce7rer6pygqqt3rfg7n2kjt2h7nymkuxnrjmtazvy5weka",
            "instance_configuration_id": null,
            "instance_id": "ocid1.instance.oc1.ap-seoul-1.anuwgljr7h4sxcickhxccb2jpzfpmleltag6jd4wkh4ke56d2ydw7csh5u4q",
            "instance_options": [
              {
                "are_legacy_imds_endpoints_disabled": false
              }
            ],
            "ipxe_script": null,
            "is_cross_numa_node": false,
            "is_pv_encryption_in_transit_enabled": null,
            "launch_mode": "PARAVIRTUALIZED",
            "launch_options": [
              {
                "boot_volume_type": "PARAVIRTUALIZED",
                "firmware": "UEFI_64",
                "is_consistent_volume_naming_enabled": true,
                "is_pv_encryption_in_transit_enabled": true,
                "network_type": "PARAVIRTUALIZED",
                "remote_data_volume_type": "PARAVIRTUALIZED"
              }
            ],
            "launch_volume_attachments": null,
            "metadata": {
              "ssh_authorized_keys": "ssh-rsa AAAAB3NzaC1yc2EAAAADAQABAAABAQCo7Ml5HBw4DiHmrm/NnPTYCxyR4RFt+n4j9vau5c/Y7hIDqNeZp7QHHbpnRrTNA4n28ZRjlkW/Sp/X0FvsxPXLjsKj90B290ubN0pxhtXvr87zuS0+j7YVysmHeGJv7Clh2EcGEOzAnFYJfi58OFliVuQRYVRT3lRxEK45SFgqGmOy1ipjQBwhGdVEoZm/SPAzCBH9LiwenRjChOkwMcB8SDX0Ev93VMrsn02ZQ+vyHE1ML86xdArGeVQPfvk9nFxwbLA67P+MbeCEYJ4vYDc3n49SzVMhCARpzDoP8CU57C+22IxVwkCLi88pgecVjnDtGKWcHK2lIAt9Nbg4V1Y3 ssh-key-2026-02-05"
            },
            "platform_config": [],
            "preemptible_instance_config": [],
            "preserve_boot_volume": null,
            "preserve_data_volumes_created_at_launch": null,
            "private_ip": "10.0.0.144",
            "public_ip": "152.70.93.64",
            "region": "ap-seoul-1",
            "shape": "VM.Standard.E2.1.Micro",
            "shape_config": [
              {
                "baseline_ocpu_utilization": "",
                "gpu_description": "",
                "gpus": 0,
                "local_disk_description": "",
                "local_disks": 0,
                "local_disks_total_size_in_gbs": 0,
                "max_vnic_attachments": 1,
                "memory_in_gbs": 1,
                "networking_bandwidth_in_gbps": 0.47999998927116394,
                "nvmes": 0,
                "ocpus": 1,
                "processor_description": "2.0 GHz AMD EPYC™ 7551 (Naples)",
                "vcpus": 2
              }
            ],
            "source_details": [
              {
                "boot_volume_size_in_gbs": "47",
                "boot_volume_vpus_per_gb": "10",
                "instance_source_image_filter_details": [],
                "is_preserve_boot_volume_enabled": false,
                "kms_key_id": "",
                "source_id": "ocid1.image.oc1.ap-seoul-1.aaaaaaaa4uy4dwce7rer6pygqqt3rfg7n2kjt2h7nymkuxnrjmtazvy5weka",
                "source_type": "image"
              }
            ],
            "state": "RUNNING",
            "subnet_id": "ocid1.subnet.oc1.ap-seoul-1.aaaaaaaa4fkpsm66o6chhjzsj5lbdgqhh5sv3t7aa4omdy6cvya5jazad3da",
            "system_tags": {
              "orcl-cloud.free-tier-retained": "true"
            },
            "time_created": "2026-02-05 03:44:06.927 +0000 UTC",
            "time_maintenance_reboot_due": null,
            "update_operation_constraint": null
          },
          "sensitive_attributes": []
        }
      ]
    },
    {
      "mode": "data",
      "type": "oci_core_instance",
      "name": "server",
      "provider": "provider[\"registry.terraform.io/oracle/oci\"]",
      "instances": [
        {
          "schema_version": 0,
          "attributes": {
            "agent_config": [
              {
                "are_all_plugins_disabled": false,
                "is_management_disabled": false,
                "is_monitoring_disabled": false,
                "plugins_config": [
                  {
                    "desired_state": "DISABLED",
                    "name": "Vulnerability Scanning"
                  },
                  {
                    "desired_state": "DISABLED",
                    "name": "Management Agent"
                  },
                  {
                    "desired_state": "ENABLED",
                    "name": "Custom Logs Monitoring"
                  },
                  {
                    "desired_state": "DISABLED",
                    "name": "Compute RDMA GPU Monitoring"
                  },
                  {
                    "desired_state": "ENABLED",
                    "name": "Compute Instance Monitoring"
                  },
                  {
                    "desired_state": "DISABLED",
                    "name": "Compute HPC RDMA Auto-Configuration"
                  },
                  {
                    "desired_state": "DISABLED",
                    "name": "Compute HPC RDMA Authentication"
                  },
                  {
                    "desired_state": "ENABLED",
                    "name": "Cloud Guard Workload Protection"
                  },
                  {
                    "desired_state": "DISABLED",
                    "name": "Block Volume Management"
                  },
                  {
                    "desired_state": "DISABLED",
                    "name": "Bastion"
                  }
                ]
              }
            ],
            "async": null,
            "availability_config": [
              {
                "is_live_migration_preferred": false,
                "recovery_action": "RESTORE_INSTANCE"
              }
            ],
            "availability_domain": "jTyP:AP-SEOUL-1-AD-1",
            "boot_volume_id": "ocid1.bootvolume.oc1.ap-seoul-1.abuwgljrldiujdlizknoubzp6rxxotm64hnhdxlmugbktbmsd7expexx37ba",
            "capacity_reservation_id": null,
            "cluster_placement_group_id": null,
            "compartment_id": "ocid1.tenancy.oc1..aaaaaaaazdw5dr7c6knes27ona5oesxvh3jnfdc2nw2lbh3hbokiw3wqbhta",
            "compute_cluster_id": null,
            "create_vnic_details": null,
            "dedicated_vm_host_id": null,
            "defined_tags": {
              "Oracle-Tags.CreatedBy": "default/shdkej@gmail.com",
              "Oracle-Tags.CreatedOn": "2026-02-05T03:42:07.793Z"
            },
            "display_name": "oracle-arm-2",
            "extended_metadata": null,
            "fault_domain": "FAULT-DOMAIN-3",
            "freeform_tags": {},
            "hostname_label": "oracle-arm-2",
            "id": "ocid1.instance.oc1.ap-seoul-1.anuwgljr7h4sxcic3wb6sjxwgunrgotbpi3psu6cjijtzjvajcf3krwt4qpq",
            "image": "ocid1.image.oc1.ap-seoul-1.aaaaaaaaheoeqfkk7j6aqlqa5ppalatsaxqxftcnoz6erj36wo3cowt6bfba",
            "instance_configuration_id": null,
            "instance_id": "ocid1.instance.oc1.ap-seoul-1.anuwgljr7h4sxcic3wb6sjxwgunrgotbpi3psu6cjijtzjvajcf3krwt4qpq",
            "instance_options": [
              {
                "are_legacy_imds_endpoints_disabled": false
              }
            ],
            "ipxe_script": null,
            "is_cross_numa_node": false,
            "is_pv_encryption_in_transit_enabled": null,
            "launch_mode": "PARAVIRTUALIZED",
            "launch_options": [
              {
                "boot_volume_type": "PARAVIRTUALIZED",
                "firmware": "UEFI_64",
                "is_consistent_volume_naming_enabled": true,
                "is_pv_encryption_in_transit_enabled": true,
                "network_type": "PARAVIRTUALIZED",
                "remote_data_volume_type": "PARAVIRTUALIZED"
              }
            ],
            "launch_volume_attachments": null,
            "metadata": {
              "ssh_authorized_keys": "ssh-rsa AAAAB3NzaC1yc2EAAAADAQABAAABAQDM9SkBOfHD9Q/oNDOm3wT/0Hxryh55+TBdEPeDtm7ghRnoo7qtwL4fDO5DNo3CDhSaGtCjmdTEJL/UV9jIFJ2PCC5LVrWi2y7lKSRj5IA5pBFm10PNWzWflOE8bjJPhQiQQktNOBODPPHkM5kJgHHg0zgJkU95JncpufGs8yO1+hB7tZbyG7OyUttkq3+oIRtutG2A8Es+9HrrQhjafq70uQBHg+MoWulZsMbuW6gfRpFUtOSAGmZ020kG5l1UupeUJoK4eVha0w+QfkOuGe/72QMrCBRRUWx0PhH1fQqqwr4xAiOQAN8WnUJPgiBmQrHnGcWKn0YsM17Gq8voOzFR ssh-key-2026-02-05"
            },
            "platform_config": [],
            "preemptible_instance_config": [],
            "preserve_boot_volume": null,
            "preserve_data_volumes_created_at_launch": null,
            "private_ip": "10.0.0.65",
            "public_ip": "193.122.121.37",
            "region": "ap-seoul-1",
            "shape": "VM.Standard.A1.Flex",
            "shape_config": [
              {
                "baseline_ocpu_utilization": "",
                "gpu_description": "",
                "gpus": 0,
                "local_disk_description": "",
                "local_disks": 0,
                "local_disks_total_size_in_gbs": 0,
                "max_vnic_attachments": 2,
                "memory_in_gbs": 12,
                "networking_bandwidth_in_gbps": 2,
                "nvmes": 0,
                "ocpus": 2,
                "processor_description": "3.0 GHz Ampere® Altra™",
                "vcpus": 2
              }
            ],
            "source_details": [
              {
                "boot_volume_size_in_gbs": "47",
                "boot_volume_vpus_per_gb": "10",
                "instance_source_image_filter_details": [],
                "is_preserve_boot_volume_enabled": false,
                "kms_key_id": "",
                "source_id": "ocid1.image.oc1.ap-seoul-1.aaaaaaaaheoeqfkk7j6aqlqa5ppalatsaxqxftcnoz6erj36wo3cowt6bfba",
                "source_type": "image"
              }
            ],
            "state": "RUNNING",
            "subnet_id": "ocid1.subnet.oc1.ap-seoul-1.aaaaaaaa4fkpsm66o6chhjzsj5lbdgqhh5sv3t7aa4omdy6cvya5jazad3da",
            "system_tags": {},
            "time_created": "2026-02-05 03:42:08.281 +0000 UTC",
            "time_maintenance_reboot_due": null,
            "update_operation_constraint": null
          },
          "sensitive_attributes": []
        }
      ]
    },
    {
      "mode": "data",
      "type": "oci_core_security_lists",
      "name": "existing",
      "provider": "provider[\"registry.terraform.io/oracle/oci\"]",
      "instances": [
        {
          "schema_version": 0,
          "attributes": {
            "compartment_id": "ocid1.tenancy.oc1..aaaaaaaazdw5dr7c6knes27ona5oesxvh3jnfdc2nw2lbh3hbokiw3wqbhta",
            "display_name": null,
            "filter": [
              {
                "name": "id",
                "regex": false,
                "values": [
                  "ocid1.securitylist.oc1.ap-seoul-1.aaaaaaaadb27wauovpy6d7w4qtten2mvzw3rmafuqu2g2ftenkw5wzyksxbq",
                  "ocid1.securitylist.oc1.ap-seoul-1.aaaaaaaa6ygcea3lscbpgjk5vwxd6rfyaxvdpnul2gw2wuznd4c4v5z72puq",
                  "ocid1.securitylist.oc1.ap-seoul-1.aaaaaaaaxhpjzf7tfheo2vxv44bpnioyk7yido5ldi5hcm7sjqxidqqepifa"
                ]
              }
            ],
            "id": "CoreSecurityListsDataSource-3996948535",
            "security_lists": [
              {
                "compartment_id": "ocid1.tenancy.oc1..aaaaaaaazdw5dr7c6knes27ona5oesxvh3jnfdc2nw2lbh3hbokiw3wqbhta",
                "defined_tags": {
                  "Oracle-Tags.CreatedBy": "default/shdkej@gmail.com",
                  "Oracle-Tags.CreatedOn": "2026-02-06T08:19:57.597Z"
                },
                "display_name": "k3s-security-list",
                "egress_security_rules": [
                  {
                    "description": "Allow all outbound traffic",
                    "destination": "0.0.0.0/0",
                    "destination_type": "CIDR_BLOCK",
                    "icmp_options": [],
                    "protocol": "all",
                    "stateless": false,
                    "tcp_options": [],
                    "udp_options": []
                  }
                ],
                "freeform_tags": {},
                "id": "ocid1.securitylist.oc1.ap-seoul-1.aaaaaaaadb27wauovpy6d7w4qtten2mvzw3rmafuqu2g2ftenkw5wzyksxbq",
                "ingress_security_rules": [
                  {
                    "description": "SSH",
                    "icmp_options": [],
                    "protocol": "6",
                    "source": "0.0.0.0/0",
                    "source_type": "CIDR_BLOCK",
                    "stateless": false,
                    "tcp_options": [
                      {
                        "max": 22,
                        "min": 22,
                        "source_port_range": []
                      }
                    ],
                    "udp_options": []
                  },
                  {
                    "description": "Kubelet metrics",
                    "icmp_options": [],
                    "protocol": "6",
                    "source": "10.0.0.0/16",
                    "source_type": "CIDR_BLOCK",
                    "stateless": false,
                    "tcp_options": [
                      {
                        "max": 10250,
                        "min": 10250,
                        "source_port_range": []
                      }
                    ],
                    "udp_options": []
                  },
                  {
                    "description": "ICMP (ping)",
                    "icmp_options": [],
                    "protocol": "1",
                    "source": "0.0.0.0/0",
                    "source_type": "CIDR_BLOCK",
                    "stateless": false,
                    "tcp_options": [],
                    "udp_options": []
                  },
                  {
                    "description": "HTTPS",
                    "icmp_options": [],
                    "protocol": "6",
                    "source": "0.0.0.0/0",
                    "source_type": "CIDR_BLOCK",
                    "stateless": false,
                    "tcp_options": [
                      {
                        "max": 443,
                        "min": 443,
                        "source_port_range": []
                      }
                    ],
                    "udp_options": []
                  },
                  {
                    "description": "K3S API Server",
                    "icmp_options": [],
                    "protocol": "6",
                    "source": "0.0.0.0/0",
                    "source_type": "CIDR_BLOCK",
                    "stateless": false,
                    "tcp_options": [
                      {
                        "max": 6443,
                        "min": 6443,
                        "source_port_range": []
                      }
                    ],
                    "udp_options": []
                  },
                  {
                    "description": "NodePort range (30000-32767)",
                    "icmp_options": [],
                    "protocol": "6",
                    "source": "0.0.0.0/0",
                    "source_type": "CIDR_BLOCK",
                    "stateless": false,
                    "tcp_options": [
                      {
                        "max": 32767,
                        "min": 30000,
                        "source_port_range": []
                      }
                    ],
                    "udp_options": []
                  },
                  {
                    "description": "Flannel VXLAN",
                    "icmp_options": [],
                    "protocol": "17",
                    "source": "10.0.0.0/16",
                    "source_type": "CIDR_BLOCK",
                    "stateless": false,
                    "tcp_options": [],
                    "udp_options": [
                      {
                        "max": 8472,
                        "min": 8472,
                        "source_port_range": []
                      }
                    ]
                  },
                  {
                    "description": "HTTP",
                    "icmp_options": [],
                    "protocol": "6",
                    "source": "0.0.0.0/0",
                    "source_type": "CIDR_BLOCK",
                    "stateless": false,
                    "tcp_options": [
                      {
                        "max": 80,
                        "min": 80,
                        "source_port_range": []
                      }
                    ],
                    "udp_options": []
                  },
                  {
                    "description": "etcd client + peer (HA 대비)",
                    "icmp_options": [],
                    "protocol": "6",
                    "source": "10.0.0.0/16",
                    "source_type": "CIDR_BLOCK",
                    "stateless": false,
                    "tcp_options": [
                      {
                        "max": 2380,
                        "min": 2379,
                        "source_port_range": []
                      }
                    ],
                    "udp_options": []
                  }
                ],
                "state": "AVAILABLE",
                "time_created": "2026-02-06 08:19:57.626 +0000 UTC",
                "vcn_id": "ocid1.vcn.oc1.ap-seoul-1.amaaaaaa7h4sxcia7ayuej4mr2lfq25ggpsr2thubjd7nlghvbzwhghfuurq"
              },
              {
                "compartment_id": "ocid1.tenancy.oc1..aaaaaaaazdw5dr7c6knes27ona5oesxvh3jnfdc2nw2lbh3hbokiw3wqbhta",
                "defined_tags": {
                  "Oracle-Tags.CreatedBy": "shdkej@gmail.com",
                  "Oracle-Tags.CreatedOn": "2021-03-24T06:53:57.423Z"
                },
                "display_name": "securitylist20210324065357",
                "egress_security_rules": [],
                "freeform_tags": {},
                "id": "ocid1.securitylist.oc1.ap-seoul-1.aaaaaaaa6ygcea3lscbpgjk5vwxd6rfyaxvdpnul2gw2wuznd4c4v5z72puq",
                "ingress_security_rules": [
                  {
                    "description": "",
                    "icmp_options": [],
                    "protocol": "17",
                    "source": "0.0.0.0/0",
                    "source_type": "CIDR_BLOCK",
                    "stateless": false,
                    "tcp_options": [],
                    "udp_options": [
                      {
                        "max": 500,
                        "min": 500,
                        "source_port_range": []
                      }
                    ]
                  },
                  {
                    "description": "",
                    "icmp_options": [],
                    "protocol": "17",
                    "source": "0.0.0.0/0",
                    "source_type": "CIDR_BLOCK",
                    "stateless": false,
                    "tcp_options": [],
                    "udp_options": [
                      {
                        "max": 4500,
                        "min": 4500,
                        "source_port_range": []
                      }
                    ]
                  },
                  {
                    "description": "",
                    "icmp_options": [],
                    "protocol": "6",
                    "source": "0.0.0.0/0",
                    "source_type": "CIDR_BLOCK",
                    "stateless": false,
                    "tcp_options": [
                      {
                        "max": 8080,
                        "min": 8080,
                        "source_port_range": []
                      }
                    ],
                    "udp_options": []
                  },
                  {
                    "description": "",
                    "icmp_options": [],
                    "protocol": "6",
                    "source": "0.0.0.0/0",
                    "source_type": "CIDR_BLOCK",
                    "stateless": false,
                    "tcp_options": [
                      {
                        "max": 22,
                        "min": 22,
                        "source_port_range": []
                      }
                    ],
                    "udp_options": []
                  }
                ],
                "state": "AVAILABLE",
                "time_created": "2021-03-24 06:53:57.434 +0000 UTC",
                "vcn_id": "ocid1.vcn.oc1.ap-seoul-1.amaaaaaa7h4sxcia7ayuej4mr2lfq25ggpsr2thubjd7nlghvbzwhghfuurq"
              },
              {
                "compartment_id": "ocid1.tenancy.oc1..aaaaaaaazdw5dr7c6knes27ona5oesxvh3jnfdc2nw2lbh3hbokiw3wqbhta",
                "defined_tags": {
                  "Oracle-Tags.CreatedBy": "shdkej@gmail.com",
                  "Oracle-Tags.CreatedOn": "2021-03-24T06:53:56.760Z"
                },
                "display_name": "Default Security List for vcn-20201117-1133",
                "egress_security_rules": [
                  {
                    "description": "",
                    "destination": "0.0.0.0/0",
                    "destination_type": "CIDR_BLOCK",
                    "icmp_options": [],
                    "protocol": "all",
                    "stateless": false,
                    "tcp_options": [],
                    "udp_options": []
                  }
                ],
                "freeform_tags": {},
                "id": "ocid1.securitylist.oc1.ap-seoul-1.aaaaaaaaxhpjzf7tfheo2vxv44bpnioyk7yido5ldi5hcm7sjqxidqqepifa",
                "ingress_security_rules": [
                  {
                    "description": "",
                    "icmp_options": [],
                    "protocol": "6",
                    "source": "0.0.0.0/0",
                    "source_type": "CIDR_BLOCK",
                    "stateless": false,
                    "tcp_options": [
                      {
                        "max": 22,
                        "min": 22,
                        "source_port_range": []
                      }
                    ],
                    "udp_options": []
                  },
                  {
                    "description": "",
                    "icmp_options": [
                      {
                        "code": 4,
                        "type": 3
                      }
                    ],
                    "protocol": "1",
                    "source": "0.0.0.0/0",
                    "source_type": "CIDR_BLOCK",
                    "stateless": false,
                    "tcp_options": [],
                    "udp_options": []
                  },
                  {
                    "description": "",
                    "icmp_options": [
                      {
                        "code": -1,
                        "type": 3
                      }
                    ],
                    "protocol": "1",
                    "source": "10.0.0.0/16",
                    "source_type": "CIDR_BLOCK",
                    "stateless": false,
                    "tcp_options": [],
                    "udp_options": []
                  }
                ],
                "state": "AVAILABLE",
                "time_created": "2021-03-24 06:53:56.82 +0000 UTC",
                "vcn_id": "ocid1.vcn.oc1.ap-seoul-1.amaaaaaa7h4sxcia7ayuej4mr2lfq25ggpsr2thubjd7nlghvbzwhghfuurq"
              }
            ],
            "state": null,
            "vcn_id": "ocid1.vcn.oc1.ap-seoul-1.amaaaaaa7h4sxcia7ayuej4mr2lfq25ggpsr2thubjd7nlghvbzwhghfuurq"
          },
          "sensitive_attributes": []
        }
      ]
    },
    {
      "mode": "data",
      "type": "oci_core_subnet",
      "name": "main",
      "provider": "provider[\"registry.terraform.io/oracle/oci\"]",
      "instances": [
        {
          "schema_version": 0,
          "attributes": {
            "availability_domain": null,
            "cidr_block": "10.0.0.0/24",
            "compartment_id": "ocid1.tenancy.oc1..aaaaaaaazdw5dr7c6knes27ona5oesxvh3jnfdc2nw2lbh3hbokiw3wqbhta",
            "defined_tags": {
              "Oracle-Tags.CreatedBy": "shdkej@gmail.com",
              "Oracle-Tags.CreatedOn": "2021-03-24T06:53:57.456Z"
            },
            "dhcp_options_id": "ocid1.dhcpoptions.oc1.ap-seoul-1.aaaaaaaawfqf34wmijwe347ye2ziwhe7louhgoulqhp2jdgrqqfi5w7fhxha",
            "display_name": "subnet-20201117-1133",
            "dns_label": "subnet",
            "freeform_tags": {},
            "id": "ocid1.subnet.oc1.ap-seoul-1.aaaaaaaa4fkpsm66o6chhjzsj5lbdgqhh5sv3t7aa4omdy6cvya5jazad3da",
            "ipv6cidr_block": null,
            "ipv6cidr_blocks": [],
            "ipv6virtual_router_ip": null,
            "prohibit_internet_ingress": false,
            "prohibit_public_ip_on_vnic": false,
            "route_table_id": "ocid1.routetable.oc1.ap-seoul-1.aaaaaaaaymdr4okkds6mkwmkc7yt2flx5pmwbhtt7pxfjz3novl2lzqv3vwa",
            "security_list_ids": [
              "ocid1.securitylist.oc1.ap-seoul-1.aaaaaaaadb27wauovpy6d7w4qtten2mvzw3rmafuqu2g2ftenkw5wzyksxbq",
              "ocid1.securitylist.oc1.ap-seoul-1.aaaaaaaa6ygcea3lscbpgjk5vwxd6rfyaxvdpnul2gw2wuznd4c4v5z72puq",
              "ocid1.securitylist.oc1.ap-seoul-1.aaaaaaaaxhpjzf7tfheo2vxv44bpnioyk7yido5ldi5hcm7sjqxidqqepifa"
            ],
            "state": "AVAILABLE",
            "subnet_domain_name": "subnet.vcn.oraclevcn.com",
            "subnet_id": "ocid1.subnet.oc1.ap-seoul-1.aaaaaaaa4fkpsm66o6chhjzsj5lbdgqhh5sv3t7aa4omdy6cvya5jazad3da",
            "time_created": "2021-03-24 06:53:57.839 +0000 UTC",
            "vcn_id": "ocid1.vcn.oc1.ap-seoul-1.amaaaaaa7h4sxcia7ayuej4mr2lfq25ggpsr2thubjd7nlghvbzwhghfuurq",
            "virtual_router_ip": "10.0.0.1",
            "virtual_router_mac": "00:00:17:6C:3E:D4"
          },
          "sensitive_attributes": []
        }
      ]
    },
    {
      "mode": "data",
      "type": "oci_core_vcn",
      "name": "main",
      "provider": "provider[\"registry.terraform.io/oracle/oci\"]",
      "instances": [
        {
          "schema_version": 0,
          "attributes": {
            "byoipv6cidr_blocks": [],
            "byoipv6cidr_details": null,
            "cidr_block": "10.0.0.0/16",
            "cidr_blocks": [
              "10.0.0.0/16"
            ],
            "compartment_id": "ocid1.tenancy.oc1..aaaaaaaazdw5dr7c6knes27ona5oesxvh3jnfdc2nw2lbh3hbokiw3wqbhta",
            "default_dhcp_options_id": "ocid1.dhcpoptions.oc1.ap-seoul-1.aaaaaaaawfqf34wmijwe347ye2ziwhe7louhgoulqhp2jdgrqqfi5w7fhxha",
            "default_route_table_id": "ocid1.routetable.oc1.ap-seoul-1.aaaaaaaaymdr4okkds6mkwmkc7yt2flx5pmwbhtt7pxfjz3novl2lzqv3vwa",
            "default_security_list_id": "ocid1.securitylist.oc1.ap-seoul-1.aaaaaaaaxhpjzf7tfheo2vxv44bpnioyk7yido5ldi5hcm7sjqxidqqepifa",
            "defined_tags": {
              "Oracle-Tags.CreatedBy": "shdkej@gmail.com",
              "Oracle-Tags.CreatedOn": "2021-03-24T06:53:56.760Z"
            },
            "display_name": "vcn-20201117-1133",
            "dns_label": "vcn",
            "freeform_tags": {},
            "id": "ocid1.vcn.oc1.ap-seoul-1.amaaaaaa7h4sxcia7ayuej4mr2lfq25ggpsr2thubjd7nlghvbzwhghfuurq",
            "ipv6cidr_blocks": [],
            "ipv6private_cidr_blocks": [],
            "is_ipv6enabled": null,
            "is_oracle_gua_allocation_enabled": null,
            "state": "AVAILABLE",
            "time_created": "2021-03-24 06:53:56.82 +0000 UTC",
            "vcn_domain_name": "vcn.oraclevcn.com",
            "vcn_id": "ocid1.vcn.oc1.ap-seoul-1.amaaaaaa7h4sxcia7ayuej4mr2lfq25ggpsr2thubjd7nlghvbzwhghfuurq"
          },
          "sensitive_attributes": []
        }
      ]
    },
    {
      "mode": "data",
      "type": "oci_dns_zones",
      "name": "main",
      "provider": "provider[\"registry.terraform.io/oracle/oci\"]",
      "instances": [
        {
          "schema_version": 0,
          "attributes": {
            "compartment_id": "ocid1.tenancy.oc1..aaaaaaaazdw5dr7c6knes27ona5oesxvh3jnfdc2nw2lbh3hbokiw3wqbhta",
            "filter": null,
            "id": "DnsZonesDataSource-1296662297",
            "name": "oracle.shdkej.com",
            "name_contains": null,
            "scope": null,
            "sort_by": null,
            "sort_order": null,
            "state": null,
            "time_created_greater_than_or_equal_to": null,
            "time_created_less_than": null,
            "tsig_key_id": null,
            "view_id": null,
            "zone_type": null,
            "zones": [
              {
                "compartment_id": "ocid1.tenancy.oc1..aaaaaaaazdw5dr7c6knes27ona5oesxvh3jnfdc2nw2lbh3hbokiw3wqbhta",
                "defined_tags": {
                  "Oracle-Tags.CreatedBy": "default/shdkej@gmail.com",
                  "Oracle-Tags.CreatedOn": "2026-02-07T02:34:31.489Z"
                },
                "external_downstreams": [],
                "external_masters": [],
                "freeform_tags": {},
                "id": "ocid1.dns-zone.oc1..aaaaaaaa57nvdzepokjlhzypy4h6jrdnewznkzwpjzivwerderiqlbkcgkyq",
                "is_protected": false,
                "name": "oracle.shdkej.com",
                "nameservers": [],
                "scope": "GLOBAL",
                "self": "https://dns.ap-seoul-1.oci.oraclecloud.com/20180115/zones/ocid1.dns-zone.oc1..aaaaaaaa57nvdzepokjlhzypy4h6jrdnewznkzwpjzivwerderiqlbkcgkyq",
                "serial": 1,
                "state": "ACTIVE",
                "time_created": "2026-02-07 02:34:31.593 +0000 UTC",
                "version": "1",
                "view_id": "",
                "zone_transfer_servers": [],
                "zone_type": "PRIMARY"
              }
            ]
          },
          "sensitive_attributes": []
        }
      ]
    },
    {
      "mode": "managed",
      "type": "kubernetes_ingress_v1",
      "name": "argocd",
      "provider": "provider[\"registry.terraform.io/hashicorp/kubernetes\"]",
      "instances": [
        {
          "schema_version": 0,
          "attributes": {
            "id": "argocd/argocd-ingress",
            "metadata": [
              {
                "annotations": {
                  "cert-manager.io/cluster-issuer": "letsencrypt-prod",
                  "nginx.ingress.kubernetes.io/backend-protocol": "HTTP",
                  "nginx.ingress.kubernetes.io/ssl-redirect": "true"
                },
                "generate_name": "",
                "generation": 1,
                "labels": null,
                "name": "argocd-ingress",
                "namespace": "argocd",
                "resource_version": "51793",
                "uid": "25963b75-488d-46b1-b166-149dbcfc546e"
              }
            ],
            "spec": [
              {
                "default_backend": [],
                "ingress_class_name": "nginx",
                "rule": [
                  {
                    "host": "argocd.oracle.shdkej.com",
                    "http": [
                      {
                        "path": [
                          {
                            "backend": [
                              {
                                "resource": [],
                                "service": [
                                  {
                                    "name": "argocd-server",
                                    "port": [
                                      {
                                        "name": "",
                                        "number": 80
                                      }
                                    ]
                                  }
                                ]
                              }
                            ],
                            "path": "/",
                            "path_type": "Prefix"
                          }
                        ]
                      }
                    ]
                  }
                ],
                "tls": [
                  {
                    "hosts": [
                      "argocd.oracle.shdkej.com"
                    ],
                    "secret_name": "argocd-tls"
                  }
                ]
              }
            ],
            "status": [
              {
                "load_balancer": [
                  {
                    "ingress": []
                  }
                ]
              }
            ],
            "timeouts": null,
            "wait_for_load_balancer": null
          },
          "sensitive_attributes": [],
          "private": "eyJlMmJmYjczMC1lY2FhLTExZTYtOGY4OC0zNDM2M2JjN2M0YzAiOnsiY3JlYXRlIjoxMjAwMDAwMDAwMDAwLCJkZWxldGUiOjEyMDAwMDAwMDAwMDB9fQ==",
          "dependencies": [
            "data.oci_core_instance.agents",
            "data.oci_core_instance.server",
            "module.apps.helm_release.argocd",
            "module.apps.helm_release.cert_manager",
            "module.apps.helm_release.ingress_nginx",
            "module.apps.helm_release.kube_prometheus_stack",
            "module.apps.null_resource.letsencrypt_issuer",
            "module.k3s.data.local_file.k3s_token",
            "module.k3s.null_resource.firewall_agents",
            "module.k3s.null_resource.firewall_server",
            "module.k3s.null_resource.k3s_agents",
            "module.k3s.null_resource.k3s_server",
            "module.k3s.null_resource.k3s_token",
            "module.k3s.null_resource.kubeconfig",
            "oci_core_security_list.k3s",
            "oci_core_subnet.main"
          ]
        }
      ]
    },
    {
      "mode": "managed",
      "type": "kubernetes_ingress_v1",
      "name": "grafana",
      "provider": "provider[\"registry.terraform.io/hashicorp/kubernetes\"]",
      "instances": [
        {
          "schema_version": 0,
          "attributes": {
            "id": "monitoring/grafana-ingress",
            "metadata": [
              {
                "annotations": {
                  "cert-manager.io/cluster-issuer": "letsencrypt-prod",
                  "nginx.ingress.kubernetes.io/ssl-redirect": "true"
                },
                "generate_name": "",
                "generation": 1,
                "labels": null,
                "name": "grafana-ingress",
                "namespace": "monitoring",
                "resource_version": "51792",
                "uid": "f007569a-9900-4c08-82ac-30788b684cdd"
              }
            ],
            "spec": [
              {
                "default_backend": [],
                "ingress_class_name": "nginx",
                "rule": [
                  {
                    "host": "grafana.oracle.shdkej.com",
                    "http": [
                      {
                        "path": [
                          {
                            "backend": [
                              {
                                "resource": [],
                                "service": [
                                  {
                                    "name": "kube-prometheus-stack-grafana",
                                    "port": [
                                      {
                                        "name": "",
                                        "number": 80
                                      }
                                    ]
                                  }
                                ]
                              }
                            ],
                            "path": "/",
                            "path_type": "Prefix"
                          }
                        ]
                      }
                    ]
                  }
                ],
                "tls": [
                  {
                    "hosts": [
                      "grafana.oracle.shdkej.com"
                    ],
                    "secret_name": "grafana-tls"
                  }
                ]
              }
            ],
            "status": [
              {
                "load_balancer": [
                  {
                    "ingress": []
                  }
                ]
              }
            ],
            "timeouts": null,
            "wait_for_load_balancer": null
          },
          "sensitive_attributes": [],
          "private": "eyJlMmJmYjczMC1lY2FhLTExZTYtOGY4OC0zNDM2M2JjN2M0YzAiOnsiY3JlYXRlIjoxMjAwMDAwMDAwMDAwLCJkZWxldGUiOjEyMDAwMDAwMDAwMDB9fQ==",
          "dependencies": [
            "data.oci_core_instance.agents",
            "data.oci_core_instance.server",
            "module.apps.helm_release.argocd",
            "module.apps.helm_release.cert_manager",
            "module.apps.helm_release.ingress_nginx",
            "module.apps.helm_release.kube_prometheus_stack",
            "module.apps.null_resource.letsencrypt_issuer",
            "module.k3s.data.local_file.k3s_token",
            "module.k3s.null_resource.firewall_agents",
            "module.k3s.null_resource.firewall_server",
            "module.k3s.null_resource.k3s_agents",
            "module.k3s.null_resource.k3s_server",
            "module.k3s.null_resource.k3s_token",
            "module.k3s.null_resource.kubeconfig",
            "oci_core_security_list.k3s",
            "oci_core_subnet.main"
          ]
        }
      ]
    },
    {
      "mode": "managed",
      "type": "oci_core_security_list",
      "name": "k3s",
      "provider": "provider[\"registry.terraform.io/oracle/oci\"]",
      "instances": [
        {
          "schema_version": 0,
          "attributes": {
            "compartment_id": "ocid1.tenancy.oc1..aaaaaaaazdw5dr7c6knes27ona5oesxvh3jnfdc2nw2lbh3hbokiw3wqbhta",
            "defined_tags": {
              "Oracle-Tags.CreatedBy": "default/shdkej@gmail.com",
              "Oracle-Tags.CreatedOn": "2026-02-06T08:19:57.597Z"
            },
            "display_name": "k3s-security-list",
            "egress_security_rules": [
              {
                "description": "Allow all outbound traffic",
                "destination": "0.0.0.0/0",
                "destination_type": "CIDR_BLOCK",
                "icmp_options": [],
                "protocol": "all",
                "stateless": false,
                "tcp_options": [],
                "udp_options": []
              }
            ],
            "freeform_tags": {},
            "id": "ocid1.securitylist.oc1.ap-seoul-1.aaaaaaaadb27wauovpy6d7w4qtten2mvzw3rmafuqu2g2ftenkw5wzyksxbq",
            "ingress_security_rules": [
              {
                "description": "Flannel VXLAN",
                "icmp_options": [],
                "protocol": "17",
                "source": "10.0.0.0/16",
                "source_type": "CIDR_BLOCK",
                "stateless": false,
                "tcp_options": [],
                "udp_options": [
                  {
                    "max": 8472,
                    "min": 8472,
                    "source_port_range": []
                  }
                ]
              },
              {
                "description": "HTTP",
                "icmp_options": [],
                "protocol": "6",
                "source": "0.0.0.0/0",
                "source_type": "CIDR_BLOCK",
                "stateless": false,
                "tcp_options": [
                  {
                    "max": 80,
                    "min": 80,
                    "source_port_range": []
                  }
                ],
                "udp_options": []
              },
              {
                "description": "HTTPS",
                "icmp_options": [],
                "protocol": "6",
                "source": "0.0.0.0/0",
                "source_type": "CIDR_BLOCK",
                "stateless": false,
                "tcp_options": [
                  {
                    "max": 443,
                    "min": 443,
                    "source_port_range": []
                  }
                ],
                "udp_options": []
              },
              {
                "description": "ICMP (ping)",
                "icmp_options": [],
                "protocol": "1",
                "source": "0.0.0.0/0",
                "source_type": "CIDR_BLOCK",
                "stateless": false,
                "tcp_options": [],
                "udp_options": []
              },
              {
                "description": "K3S API Server",
                "icmp_options": [],
                "protocol": "6",
                "source": "0.0.0.0/0",
                "source_type": "CIDR_BLOCK",
                "stateless": false,
                "tcp_options": [
                  {
                    "max": 6443,
                    "min": 6443,
                    "source_port_range": []
                  }
                ],
                "udp_options": []
              },
              {
                "description": "Kubelet metrics",
                "icmp_options": [],
                "protocol": "6",
                "source": "10.0.0.0/16",
                "source_type": "CIDR_BLOCK",
                "stateless": false,
                "tcp_options": [
                  {
                    "max": 10250,
                    "min": 10250,
                    "source_port_range": []
                  }
                ],
                "udp_options": []
              },
              {
                "description": "NodePort range (30000-32767)",
                "icmp_options": [],
                "protocol": "6",
                "source": "0.0.0.0/0",
                "source_type": "CIDR_BLOCK",
                "stateless": false,
                "tcp_options": [
                  {
                    "max": 32767,
                    "min": 30000,
                    "source_port_range": []
                  }
                ],
                "udp_options": []
              },
              {
                "description": "SSH",
                "icmp_options": [],
                "protocol": "6",
                "source": "0.0.0.0/0",
                "source_type": "CIDR_BLOCK",
                "stateless": false,
                "tcp_options": [
                  {
                    "max": 22,
                    "min": 22,
                    "source_port_range": []
                  }
                ],
                "udp_options": []
              },
              {
                "description": "etcd client + peer (HA 대비)",
                "icmp_options": [],
                "protocol": "6",
                "source": "10.0.0.0/16",
                "source_type": "CIDR_BLOCK",
                "stateless": false,
                "tcp_options": [
                  {
                    "max": 2380,
                    "min": 2379,
                    "source_port_range": []
                  }
                ],
                "udp_options": []
              }
            ],
            "state": "AVAILABLE",
            "time_created": "2026-02-06 08:19:57.626 +0000 UTC",
            "timeouts": null,
            "vcn_id": "ocid1.vcn.oc1.ap-seoul-1.amaaaaaa7h4sxcia7ayuej4mr2lfq25ggpsr2thubjd7nlghvbzwhghfuurq"
          },
          "sensitive_attributes": [],
          "private": "eyJlMmJmYjczMC1lY2FhLTExZTYtOGY4OC0zNDM2M2JjN2M0YzAiOnsiY3JlYXRlIjoxMjAwMDAwMDAwMDAwLCJkZWxldGUiOjEyMDAwMDAwMDAwMDAsInVwZGF0ZSI6MTIwMDAwMDAwMDAwMH19",
          "dependencies": [
            "data.oci_core_subnet.main",
            "data.oci_core_vcn.main"
          ]
        }
      ]
    },
    {
      "mode": "managed",
      "type": "oci_core_subnet",
      "name": "main",
      "provider": "provider[\"registry.terraform.io/oracle/oci\"]",
      "instances": [
        {
          "schema_version": 0,
          "attributes": {
            "availability_domain": null,
            "cidr_block": "10.0.0.0/24",
            "compartment_id": "ocid1.tenancy.oc1..aaaaaaaazdw5dr7c6knes27ona5oesxvh3jnfdc2nw2lbh3hbokiw3wqbhta",
            "defined_tags": {
              "Oracle-Tags.CreatedBy": "shdkej@gmail.com",
              "Oracle-Tags.CreatedOn": "2021-03-24T06:53:57.456Z"
            },
            "dhcp_options_id": "ocid1.dhcpoptions.oc1.ap-seoul-1.aaaaaaaawfqf34wmijwe347ye2ziwhe7louhgoulqhp2jdgrqqfi5w7fhxha",
            "display_name": "subnet-20201117-1133",
            "dns_label": "subnet",
            "freeform_tags": {},
            "id": "ocid1.subnet.oc1.ap-seoul-1.aaaaaaaa4fkpsm66o6chhjzsj5lbdgqhh5sv3t7aa4omdy6cvya5jazad3da",
            "ipv6cidr_block": null,
            "ipv6cidr_blocks": [],
            "ipv6virtual_router_ip": null,
            "prohibit_internet_ingress": false,
            "prohibit_public_ip_on_vnic": false,
            "route_table_id": "ocid1.routetable.oc1.ap-seoul-1.aaaaaaaaymdr4okkds6mkwmkc7yt2flx5pmwbhtt7pxfjz3novl2lzqv3vwa",
            "security_list_ids": [
              "ocid1.securitylist.oc1.ap-seoul-1.aaaaaaaa6ygcea3lscbpgjk5vwxd6rfyaxvdpnul2gw2wuznd4c4v5z72puq",
              "ocid1.securitylist.oc1.ap-seoul-1.aaaaaaaadb27wauovpy6d7w4qtten2mvzw3rmafuqu2g2ftenkw5wzyksxbq",
              "ocid1.securitylist.oc1.ap-seoul-1.aaaaaaaaxhpjzf7tfheo2vxv44bpnioyk7yido5ldi5hcm7sjqxidqqepifa"
            ],
            "state": "AVAILABLE",
            "subnet_domain_name": "subnet.vcn.oraclevcn.com",
            "time_created": "2021-03-24 06:53:57.839 +0000 UTC",
            "timeouts": null,
            "vcn_id": "ocid1.vcn.oc1.ap-seoul-1.amaaaaaa7h4sxcia7ayuej4mr2lfq25ggpsr2thubjd7nlghvbzwhghfuurq",
            "virtual_router_ip": "10.0.0.1",
            "virtual_router_mac": "00:00:17:6C:3E:D4"
          },
          "sensitive_attributes": [],
          "private": "eyJlMmJmYjczMC1lY2FhLTExZTYtOGY4OC0zNDM2M2JjN2M0YzAiOnsiY3JlYXRlIjoxMjAwMDAwMDAwMDAwLCJkZWxldGUiOjEyMDAwMDAwMDAwMDAsInVwZGF0ZSI6MTIwMDAwMDAwMDAwMH19",
          "dependencies": [
            "data.oci_core_subnet.main",
            "data.oci_core_vcn.main",
            "oci_core_security_list.k3s"
          ]
        }
      ]
    },
    {
      "mode": "managed",
      "type": "oci_dns_rrset",
      "name": "root",
      "provider": "provider[\"registry.terraform.io/oracle/oci\"]",
      "instances": [
        {
          "schema_version": 0,
          "attributes": {
            "compartment_id": null,
            "domain": "oracle.shdkej.com",
            "id": "zoneNameOrId/ocid1.dns-zone.oc1..aaaaaaaa57nvdzepokjlhzypy4h6jrdnewznkzwpjzivwerderiqlbkcgkyq/domain/oracle.shdkej.com/rtype/A",
            "items": [
              {
                "domain": "oracle.shdkej.com",
                "is_protected": false,
                "rdata": "146.56.139.109",
                "record_hash": "3e1130057ed49b03618e0cf97ed03df3",
                "rrset_version": "3",
                "rtype": "A",
                "ttl": 300
              }
            ],
            "rtype": "A",
            "scope": null,
            "timeouts": null,
            "view_id": null,
            "zone_name_or_id": "ocid1.dns-zone.oc1..aaaaaaaa57nvdzepokjlhzypy4h6jrdnewznkzwpjzivwerderiqlbkcgkyq"
          },
          "sensitive_attributes": [],
          "private": "eyJlMmJmYjczMC1lY2FhLTExZTYtOGY4OC0zNDM2M2JjN2M0YzAiOnsiY3JlYXRlIjoxMjAwMDAwMDAwMDAwLCJkZWxldGUiOjEyMDAwMDAwMDAwMDAsInVwZGF0ZSI6MTIwMDAwMDAwMDAwMH19",
          "dependencies": [
            "data.oci_dns_zones.main",
            "oci_load_balancer_load_balancer.k3s"
          ]
        }
      ]
    },
    {
      "mode": "managed",
      "type": "oci_dns_rrset",
      "name": "wildcard",
      "provider": "provider[\"registry.terraform.io/oracle/oci\"]",
      "instances": [
        {
          "schema_version": 0,
          "attributes": {
            "compartment_id": null,
            "domain": "*.oracle.shdkej.com",
            "id": "zoneNameOrId/ocid1.dns-zone.oc1..aaaaaaaa57nvdzepokjlhzypy4h6jrdnewznkzwpjzivwerderiqlbkcgkyq/domain/%2A.oracle.shdkej.com/rtype/A",
            "items": [
              {
                "domain": "*.oracle.shdkej.com",
                "is_protected": false,
                "rdata": "146.56.139.109",
                "record_hash": "921b869db080d7f559569ae21cf2b215",
                "rrset_version": "2",
                "rtype": "A",
                "ttl": 300
              }
            ],
            "rtype": "A",
            "scope": null,
            "timeouts": null,
            "view_id": null,
            "zone_name_or_id": "ocid1.dns-zone.oc1..aaaaaaaa57nvdzepokjlhzypy4h6jrdnewznkzwpjzivwerderiqlbkcgkyq"
          },
          "sensitive_attributes": [],
          "private": "eyJlMmJmYjczMC1lY2FhLTExZTYtOGY4OC0zNDM2M2JjN2M0YzAiOnsiY3JlYXRlIjoxMjAwMDAwMDAwMDAwLCJkZWxldGUiOjEyMDAwMDAwMDAwMDAsInVwZGF0ZSI6MTIwMDAwMDAwMDAwMH19",
          "dependencies": [
            "data.oci_dns_zones.main",
            "oci_load_balancer_load_balancer.k3s"
          ]
        }
      ]
    },
    {
      "mode": "managed",
      "type": "oci_load_balancer_backend",
      "name": "k3s_nodes",
      "provider": "provider[\"registry.terraform.io/oracle/oci\"]",
      "instances": [
        {
          "index_key": 0,
          "schema_version": 0,
          "attributes": {
            "backendset_name": "k3s-http-backend",
            "backup": false,
            "drain": false,
            "id": "loadBalancers/ocid1.loadbalancer.oc1.ap-seoul-1.aaaaaaaauet27rskzmtxgdev4632prt53aviyzlklp57irgn4nepcbq6dzna/backendSets/k3s-http-backend/backends/10.0.0.65:30080",
            "ip_address": "10.0.0.65",
            "load_balancer_id": "ocid1.loadbalancer.oc1.ap-seoul-1.aaaaaaaauet27rskzmtxgdev4632prt53aviyzlklp57irgn4nepcbq6dzna",
            "max_connections": null,
            "name": "10.0.0.65:30080",
            "offline": false,
            "port": 30080,
            "state": "SUCCEEDED",
            "timeouts": null,
            "weight": 1
          },
          "sensitive_attributes": [],
          "private": "eyJlMmJmYjczMC1lY2FhLTExZTYtOGY4OC0zNDM2M2JjN2M0YzAiOnsiY3JlYXRlIjoxMjAwMDAwMDAwMDAwLCJkZWxldGUiOjEyMDAwMDAwMDAwMDAsInVwZGF0ZSI6MTIwMDAwMDAwMDAwMH19",
          "dependencies": [
            "data.oci_core_instance.agents",
            "data.oci_core_instance.server",
            "data.oci_core_subnet.main",
            "oci_load_balancer_backend_set.k3s_http",
            "oci_load_balancer_load_balancer.k3s"
          ]
        },
        {
          "index_key": 1,
          "schema_version": 0,
          "attributes": {
            "backendset_name": "k3s-http-backend",
            "backup": false,
            "drain": false,
            "id": "loadBalancers/ocid1.loadbalancer.oc1.ap-seoul-1.aaaaaaaauet27rskzmtxgdev4632prt53aviyzlklp57irgn4nepcbq6dzna/backendSets/k3s-http-backend/backends/10.0.0.84:30080",
            "ip_address": "10.0.0.84",
            "load_balancer_id": "ocid1.loadbalancer.oc1.ap-seoul-1.aaaaaaaauet27rskzmtxgdev4632prt53aviyzlklp57irgn4nepcbq6dzna",
            "max_connections": null,
            "name": "10.0.0.84:30080",
            "offline": false,
            "port": 30080,
            "state": "SUCCEEDED",
            "timeouts": null,
            "weight": 1
          },
          "sensitive_attributes": [],
          "private": "eyJlMmJmYjczMC1lY2FhLTExZTYtOGY4OC0zNDM2M2JjN2M0YzAiOnsiY3JlYXRlIjoxMjAwMDAwMDAwMDAwLCJkZWxldGUiOjEyMDAwMDAwMDAwMDAsInVwZGF0ZSI6MTIwMDAwMDAwMDAwMH19",
          "dependencies": [
            "data.oci_core_instance.agents",
            "data.oci_core_instance.server",
            "data.oci_core_subnet.main",
            "oci_load_balancer_backend_set.k3s_http",
            "oci_load_balancer_load_balancer.k3s"
          ]
        },
        {
          "index_key": 2,
          "schema_version": 0,
          "attributes": {
            "backendset_name": "k3s-http-backend",
            "backup": false,
            "drain": false,
            "id": "loadBalancers/ocid1.loadbalancer.oc1.ap-seoul-1.aaaaaaaauet27rskzmtxgdev4632prt53aviyzlklp57irgn4nepcbq6dzna/backendSets/k3s-http-backend/backends/10.0.0.144:30080",
            "ip_address": "10.0.0.144",
            "load_balancer_id": "ocid1.loadbalancer.oc1.ap-seoul-1.aaaaaaaauet27rskzmtxgdev4632prt53aviyzlklp57irgn4nepcbq6dzna",
            "max_connections": null,
            "name": "10.0.0.144:30080",
            "offline": false,
            "port": 30080,
            "state": "SUCCEEDED",
            "timeouts": null,
            "weight": 1
          },
          "sensitive_attributes": [],
          "private": "eyJlMmJmYjczMC1lY2FhLTExZTYtOGY4OC0zNDM2M2JjN2M0YzAiOnsiY3JlYXRlIjoxMjAwMDAwMDAwMDAwLCJkZWxldGUiOjEyMDAwMDAwMDAwMDAsInVwZGF0ZSI6MTIwMDAwMDAwMDAwMH19",
          "dependencies": [
            "data.oci_core_instance.agents",
            "data.oci_core_instance.server",
            "data.oci_core_subnet.main",
            "oci_load_balancer_backend_set.k3s_http",
            "oci_load_balancer_load_balancer.k3s"
          ]
        }
      ]
    },
    {
      "mode": "managed",
      "type": "oci_load_balancer_backend",
      "name": "k3s_nodes_https",
      "provider": "provider[\"registry.terraform.io/oracle/oci\"]",
      "instances": [
        {
          "index_key": 0,
          "schema_version": 0,
          "attributes": {
            "backendset_name": "k3s-https-backend",
            "backup": false,
            "drain": false,
            "id": "loadBalancers/ocid1.loadbalancer.oc1.ap-seoul-1.aaaaaaaauet27rskzmtxgdev4632prt53aviyzlklp57irgn4nepcbq6dzna/backendSets/k3s-https-backend/backends/10.0.0.65:30443",
            "ip_address": "10.0.0.65",
            "load_balancer_id": "ocid1.loadbalancer.oc1.ap-seoul-1.aaaaaaaauet27rskzmtxgdev4632prt53aviyzlklp57irgn4nepcbq6dzna",
            "max_connections": null,
            "name": "10.0.0.65:30443",
            "offline": false,
            "port": 30443,
            "state": "SUCCEEDED",
            "timeouts": null,
            "weight": 1
          },
          "sensitive_attributes": [],
          "private": "eyJlMmJmYjczMC1lY2FhLTExZTYtOGY4OC0zNDM2M2JjN2M0YzAiOnsiY3JlYXRlIjoxMjAwMDAwMDAwMDAwLCJkZWxldGUiOjEyMDAwMDAwMDAwMDAsInVwZGF0ZSI6MTIwMDAwMDAwMDAwMH19",
          "dependencies": [
            "data.oci_core_instance.agents",
            "data.oci_core_instance.server",
            "oci_load_balancer_backend_set.k3s_https",
            "oci_load_balancer_load_balancer.k3s"
          ]
        },
        {
          "index_key": 1,
          "schema_version": 0,
          "attributes": {
            "backendset_name": "k3s-https-backend",
            "backup": false,
            "drain": false,
            "id": "loadBalancers/ocid1.loadbalancer.oc1.ap-seoul-1.aaaaaaaauet27rskzmtxgdev4632prt53aviyzlklp57irgn4nepcbq6dzna/backendSets/k3s-https-backend/backends/10.0.0.84:30443",
            "ip_address": "10.0.0.84",
            "load_balancer_id": "ocid1.loadbalancer.oc1.ap-seoul-1.aaaaaaaauet27rskzmtxgdev4632prt53aviyzlklp57irgn4nepcbq6dzna",
            "max_connections": null,
            "name": "10.0.0.84:30443",
            "offline": false,
            "port": 30443,
            "state": "SUCCEEDED",
            "timeouts": null,
            "weight": 1
          },
          "sensitive_attributes": [],
          "private": "eyJlMmJmYjczMC1lY2FhLTExZTYtOGY4OC0zNDM2M2JjN2M0YzAiOnsiY3JlYXRlIjoxMjAwMDAwMDAwMDAwLCJkZWxldGUiOjEyMDAwMDAwMDAwMDAsInVwZGF0ZSI6MTIwMDAwMDAwMDAwMH19",
          "dependencies": [
            "data.oci_core_instance.agents",
            "data.oci_core_instance.server",
            "oci_load_balancer_backend_set.k3s_https",
            "oci_load_balancer_load_balancer.k3s"
          ]
        },
        {
          "index_key": 2,
          "schema_version": 0,
          "attributes": {
            "backendset_name": "k3s-https-backend",
            "backup": false,
            "drain": false,
            "id": "loadBalancers/ocid1.loadbalancer.oc1.ap-seoul-1.aaaaaaaauet27rskzmtxgdev4632prt53aviyzlklp57irgn4nepcbq6dzna/backendSets/k3s-https-backend/backends/10.0.0.144:30443",
            "ip_address": "10.0.0.144",
            "load_balancer_id": "ocid1.loadbalancer.oc1.ap-seoul-1.aaaaaaaauet27rskzmtxgdev4632prt53aviyzlklp57irgn4nepcbq6dzna",
            "max_connections": null,
            "name": "10.0.0.144:30443",
            "offline": false,
            "port": 30443,
            "state": "SUCCEEDED",
            "timeouts": null,
            "weight": 1
          },
          "sensitive_attributes": [],
          "private": "eyJlMmJmYjczMC1lY2FhLTExZTYtOGY4OC0zNDM2M2JjN2M0YzAiOnsiY3JlYXRlIjoxMjAwMDAwMDAwMDAwLCJkZWxldGUiOjEyMDAwMDAwMDAwMDAsInVwZGF0ZSI6MTIwMDAwMDAwMDAwMH19",
          "dependencies": [
            "data.oci_core_instance.agents",
            "data.oci_core_instance.server",
            "oci_load_balancer_backend_set.k3s_https",
            "oci_load_balancer_load_balancer.k3s"
          ]
        }
      ]
    },
    {
      "mode": "managed",
      "type": "oci_load_balancer_backend_set",
      "name": "k3s_http",
      "provider": "provider[\"registry.terraform.io/oracle/oci\"]",
      "instances": [
        {
          "schema_version": 0,
          "attributes": {
            "backend": [
              {
                "backup": false,
                "drain": false,
                "ip_address": "10.0.0.144",
                "max_connections": 0,
                "name": "10.0.0.144:30080",
                "offline": false,
                "port": 30080,
                "weight": 1
              },
              {
                "backup": false,
                "drain": false,
                "ip_address": "10.0.0.65",
                "max_connections": 0,
                "name": "10.0.0.65:30080",
                "offline": false,
                "port": 30080,
                "weight": 1
              },
              {
                "backup": false,
                "drain": false,
                "ip_address": "10.0.0.84",
                "max_connections": 0,
                "name": "10.0.0.84:30080",
                "offline": false,
                "port": 30080,
                "weight": 1
              }
            ],
            "backend_max_connections": null,
            "health_checker": [
              {
                "interval_ms": 30000,
                "is_force_plain_text": false,
                "port": 30080,
                "protocol": "TCP",
                "response_body_regex": ".*",
                "retries": 3,
                "return_code": 200,
                "timeout_in_millis": 3000,
                "url_path": ""
              }
            ],
            "id": "loadBalancers/ocid1.loadbalancer.oc1.ap-seoul-1.aaaaaaaauet27rskzmtxgdev4632prt53aviyzlklp57irgn4nepcbq6dzna/backendSets/k3s-http-backend",
            "lb_cookie_session_persistence_configuration": [],
            "load_balancer_id": "ocid1.loadbalancer.oc1.ap-seoul-1.aaaaaaaauet27rskzmtxgdev4632prt53aviyzlklp57irgn4nepcbq6dzna",
            "name": "k3s-http-backend",
            "policy": "ROUND_ROBIN",
            "session_persistence_configuration": [],
            "ssl_configuration": [],
            "state": "SUCCEEDED",
            "timeouts": null
          },
          "sensitive_attributes": [],
          "private": "eyJlMmJmYjczMC1lY2FhLTExZTYtOGY4OC0zNDM2M2JjN2M0YzAiOnsiY3JlYXRlIjoxMjAwMDAwMDAwMDAwLCJkZWxldGUiOjEyMDAwMDAwMDAwMDAsInVwZGF0ZSI6MTIwMDAwMDAwMDAwMH19",
          "dependencies": [
            "data.oci_core_subnet.main",
            "oci_load_balancer_load_balancer.k3s"
          ]
        }
      ]
    },
    {
      "mode": "managed",
      "type": "oci_load_balancer_backend_set",
      "name": "k3s_https",
      "provider": "provider[\"registry.terraform.io/oracle/oci\"]",
      "instances": [
        {
          "schema_version": 0,
          "attributes": {
            "backend": [],
            "backend_max_connections": null,
            "health_checker": [
              {
                "interval_ms": 30000,
                "is_force_plain_text": false,
                "port": 30443,
                "protocol": "TCP",
                "response_body_regex": ".*",
                "retries": 3,
                "return_code": 200,
                "timeout_in_millis": 3000,
                "url_path": ""
              }
            ],
            "id": "loadBalancers/ocid1.loadbalancer.oc1.ap-seoul-1.aaaaaaaauet27rskzmtxgdev4632prt53aviyzlklp57irgn4nepcbq6dzna/backendSets/k3s-https-backend",
            "lb_cookie_session_persistence_configuration": [],
            "load_balancer_id": "ocid1.loadbalancer.oc1.ap-seoul-1.aaaaaaaauet27rskzmtxgdev4632prt53aviyzlklp57irgn4nepcbq6dzna",
            "name": "k3s-https-backend",
            "policy": "ROUND_ROBIN",
            "session_persistence_configuration": [],
            "ssl_configuration": [],
            "state": "SUCCEEDED",
            "timeouts": null
          },
          "sensitive_attributes": [],
          "private": "eyJlMmJmYjczMC1lY2FhLTExZTYtOGY4OC0zNDM2M2JjN2M0YzAiOnsiY3JlYXRlIjoxMjAwMDAwMDAwMDAwLCJkZWxldGUiOjEyMDAwMDAwMDAwMDAsInVwZGF0ZSI6MTIwMDAwMDAwMDAwMH19",
          "dependencies": [
            "oci_load_balancer_load_balancer.k3s"
          ]
        }
      ]
    },
    {
      "mode": "managed",
      "type": "oci_load_balancer_listener",
      "name": "k3s_http",
      "provider": "provider[\"registry.terraform.io/oracle/oci\"]",
      "instances": [
        {
          "schema_version": 0,
          "attributes": {
            "connection_configuration": [
              {
                "backend_tcp_proxy_protocol_version": 0,
                "idle_timeout_in_seconds": "300"
              }
            ],
            "default_backend_set_name": "k3s-http-backend",
            "hostname_names": [],
            "id": "loadBalancers/ocid1.loadbalancer.oc1.ap-seoul-1.aaaaaaaauet27rskzmtxgdev4632prt53aviyzlklp57irgn4nepcbq6dzna/listeners/k3s-http-listener",
            "load_balancer_id": "ocid1.loadbalancer.oc1.ap-seoul-1.aaaaaaaauet27rskzmtxgdev4632prt53aviyzlklp57irgn4nepcbq6dzna",
            "name": "k3s-http-listener",
            "path_route_set_name": null,
            "port": 80,
            "protocol": "TCP",
            "routing_policy_name": null,
            "rule_set_names": [],
            "ssl_configuration": [],
            "state": "SUCCEEDED",
            "timeouts": null
          },
          "sensitive_attributes": [],
          "private": "eyJlMmJmYjczMC1lY2FhLTExZTYtOGY4OC0zNDM2M2JjN2M0YzAiOnsiY3JlYXRlIjoxMjAwMDAwMDAwMDAwLCJkZWxldGUiOjEyMDAwMDAwMDAwMDAsInVwZGF0ZSI6MTIwMDAwMDAwMDAwMH19",
          "dependencies": [
            "data.oci_core_subnet.main",
            "oci_load_balancer_backend_set.k3s_http",
            "oci_load_balancer_load_balancer.k3s"
          ]
        }
      ]
    },
    {
      "mode": "managed",
      "type": "oci_load_balancer_listener",
      "name": "k3s_https",
      "provider": "provider[\"registry.terraform.io/oracle/oci\"]",
      "instances": [
        {
          "schema_version": 0,
          "attributes": {
            "connection_configuration": [
              {
                "backend_tcp_proxy_protocol_version": 0,
                "idle_timeout_in_seconds": "300"
              }
            ],
            "default_backend_set_name": "k3s-https-backend",
            "hostname_names": [],
            "id": "loadBalancers/ocid1.loadbalancer.oc1.ap-seoul-1.aaaaaaaauet27rskzmtxgdev4632prt53aviyzlklp57irgn4nepcbq6dzna/listeners/k3s-https-listener",
            "load_balancer_id": "ocid1.loadbalancer.oc1.ap-seoul-1.aaaaaaaauet27rskzmtxgdev4632prt53aviyzlklp57irgn4nepcbq6dzna",
            "name": "k3s-https-listener",
            "path_route_set_name": null,
            "port": 443,
            "protocol": "TCP",
            "routing_policy_name": null,
            "rule_set_names": [],
            "ssl_configuration": [],
            "state": "SUCCEEDED",
            "timeouts": null
          },
          "sensitive_attributes": [],
          "private": "eyJlMmJmYjczMC1lY2FhLTExZTYtOGY4OC0zNDM2M2JjN2M0YzAiOnsiY3JlYXRlIjoxMjAwMDAwMDAwMDAwLCJkZWxldGUiOjEyMDAwMDAwMDAwMDAsInVwZGF0ZSI6MTIwMDAwMDAwMDAwMH19",
          "dependencies": [
            "oci_load_balancer_backend_set.k3s_https",
            "oci_load_balancer_load_balancer.k3s"
          ]
        }
      ]
    },
    {
      "mode": "managed",
      "type": "oci_load_balancer_load_balancer",
      "name": "k3s",
      "provider": "provider[\"registry.terraform.io/oracle/oci\"]",
      "instances": [
        {
          "schema_version": 0,
          "attributes": {
            "compartment_id": "ocid1.tenancy.oc1..aaaaaaaazdw5dr7c6knes27ona5oesxvh3jnfdc2nw2lbh3hbokiw3wqbhta",
            "defined_tags": {
              "Oracle-Tags.CreatedBy": "default/shdkej@gmail.com",
              "Oracle-Tags.CreatedOn": "2026-02-06T08:19:57.587Z"
            },
            "display_name": "k3s-lb",
            "freeform_tags": {},
            "id": "ocid1.loadbalancer.oc1.ap-seoul-1.aaaaaaaauet27rskzmtxgdev4632prt53aviyzlklp57irgn4nepcbq6dzna",
            "ip_address_details": [
              {
                "ip_address": "146.56.139.109",
                "is_public": true,
                "reserved_ip": []
              }
            ],
            "ip_addresses": [
              "146.56.139.109"
            ],
            "ip_mode": "IPV4",
            "is_delete_protection_enabled": null,
            "is_private": false,
            "network_security_group_ids": [],
            "reserved_ips": [],
            "shape": "flexible",
            "shape_details": [
              {
                "maximum_bandwidth_in_mbps": 10,
                "minimum_bandwidth_in_mbps": 10
              }
            ],
            "state": "ACTIVE",
            "subnet_ids": [
              "ocid1.subnet.oc1.ap-seoul-1.aaaaaaaa4fkpsm66o6chhjzsj5lbdgqhh5sv3t7aa4omdy6cvya5jazad3da"
            ],
            "system_tags": {},
            "time_created": "2026-02-06 08:19:57.802 +0000 UTC",
            "timeouts": null
          },
          "sensitive_attributes": [],
          "private": "eyJlMmJmYjczMC1lY2FhLTExZTYtOGY4OC0zNDM2M2JjN2M0YzAiOnsiY3JlYXRlIjoxMjAwMDAwMDAwMDAwLCJkZWxldGUiOjEyMDAwMDAwMDAwMDAsInVwZGF0ZSI6MTIwMDAwMDAwMDAwMH19",
          "dependencies": [
            "data.oci_core_subnet.main"
          ]
        }
      ]
    },
    {
      "module": "module.apps",
      "mode": "managed",
      "type": "helm_release",
      "name": "argocd",
      "provider": "provider[\"registry.terraform.io/hashicorp/helm\"]",
      "instances": [
        {
          "index_key": 0,
          "schema_version": 1,
          "attributes": {
            "atomic": false,
            "chart": "argo-cd",
            "cleanup_on_fail": false,
            "create_namespace": true,
            "dependency_update": false,
            "description": null,
            "devel": null,
            "disable_crd_hooks": false,
            "disable_openapi_validation": false,
            "disable_webhooks": false,
            "force_update": false,
            "id": "argocd",
            "keyring": null,
            "lint": false,
            "manifest": null,
            "max_history": 0,
            "metadata": [
              {
                "app_version": "v2.13.1",
                "chart": "argo-cd",
                "first_deployed": 1770370771,
                "last_deployed": 1770370771,
                "name": "argocd",
                "namespace": "argocd",
                "notes": "In order to access the server UI you have the following options:\n\n1. kubectl port-forward service/argocd-server -n argocd 8080:443\n\n    and then open the browser on http://localhost:8080 and accept the certificate\n\n2. enable ingress in the values file `server.ingress.enabled` and either\n      - Add the annotation for ssl passthrough: https://argo-cd.readthedocs.io/en/stable/operator-manual/ingress/#option-1-ssl-passthrough\n      - Set the `configs.params.\"server.insecure\"` in the values file and terminate SSL at your ingress: https://argo-cd.readthedocs.io/en/stable/operator-manual/ingress/#option-2-multiple-ingress-objects-and-hosts\n\n\nAfter reaching the UI the first time you can login with username: admin and the random password generated during the installation. You can find the password by running:\n\nkubectl -n argocd get secret argocd-initial-admin-secret -o jsonpath=\"{.data.password}\" | base64 -d\n\n(You should delete the initial secret afterwards as suggested by the Getting Started Guide: https://argo-cd.readthedocs.io/en/stable/getting_started/#4-login-using-the-cli)\n",
                "revision": 1,
                "values": "{\"applicationSet\":{\"enabled\":false},\"configs\":{\"params\":{\"server.insecure\":true}},\"controller\":{\"resources\":{\"limits\":{\"cpu\":\"300m\",\"memory\":\"512Mi\"},\"requests\":{\"cpu\":\"50m\",\"memory\":\"128Mi\"}}},\"dex\":{\"enabled\":false},\"notifications\":{\"enabled\":false},\"redis\":{\"resources\":{\"limits\":{\"cpu\":\"100m\",\"memory\":\"128Mi\"},\"requests\":{\"cpu\":\"10m\",\"memory\":\"32Mi\"}}},\"repoServer\":{\"replicas\":1,\"resources\":{\"limits\":{\"cpu\":\"200m\",\"memory\":\"256Mi\"},\"requests\":{\"cpu\":\"25m\",\"memory\":\"64Mi\"}}},\"server\":{\"replicas\":1,\"resources\":{\"limits\":{\"cpu\":\"200m\",\"memory\":\"256Mi\"},\"requests\":{\"cpu\":\"25m\",\"memory\":\"64Mi\"}}}}",
                "version": "7.7.5"
              }
            ],
            "name": "argocd",
            "namespace": "argocd",
            "pass_credentials": false,
            "postrender": [],
            "recreate_pods": false,
            "render_subchart_notes": true,
            "replace": false,
            "repository": "https://argoproj.github.io/argo-helm",
            "repository_ca_file": null,
            "repository_cert_file": null,
            "repository_key_file": null,
            "repository_password": null,
            "repository_username": null,
            "reset_values": false,
            "reuse_values": false,
            "set": [
              {
                "name": "applicationSet.enabled",
                "type": "",
                "value": "false"
              },
              {
                "name": "configs.params.server\\.insecure",
                "type": "",
                "value": "true"
              },
              {
                "name": "controller.resources.limits.cpu",
                "type": "",
                "value": "300m"
              },
              {
                "name": "controller.resources.limits.memory",
                "type": "",
                "value": "512Mi"
              },
              {
                "name": "controller.resources.requests.cpu",
                "type": "",
                "value": "50m"
              },
              {
                "name": "controller.resources.requests.memory",
                "type": "",
                "value": "128Mi"
              },
              {
                "name": "dex.enabled",
                "type": "",
                "value": "false"
              },
              {
                "name": "notifications.enabled",
                "type": "",
                "value": "false"
              },
              {
                "name": "redis.resources.limits.cpu",
                "type": "",
                "value": "100m"
              },
              {
                "name": "redis.resources.limits.memory",
                "type": "",
                "value": "128Mi"
              },
              {
                "name": "redis.resources.requests.cpu",
                "type": "",
                "value": "10m"
              },
              {
                "name": "redis.resources.requests.memory",
                "type": "",
                "value": "32Mi"
              },
              {
                "name": "repoServer.replicas",
                "type": "",
                "value": "1"
              },
              {
                "name": "repoServer.resources.limits.cpu",
                "type": "",
                "value": "200m"
              },
              {
                "name": "repoServer.resources.limits.memory",
                "type": "",
                "value": "256Mi"
              },
              {
                "name": "repoServer.resources.requests.cpu",
                "type": "",
                "value": "25m"
              },
              {
                "name": "repoServer.resources.requests.memory",
                "type": "",
                "value": "64Mi"
              },
              {
                "name": "server.replicas",
                "type": "",
                "value": "1"
              },
              {
                "name": "server.resources.limits.cpu",
                "type": "",
                "value": "200m"
              },
              {
                "name": "server.resources.limits.memory",
                "type": "",
                "value": "256Mi"
              },
              {
                "name": "server.resources.requests.cpu",
                "type": "",
                "value": "25m"
              },
              {
                "name": "server.resources.requests.memory",
                "type": "",
                "value": "64Mi"
              }
            ],
            "set_list": [],
            "set_sensitive": [],
            "skip_crds": false,
            "status": "deployed",
            "timeout": 900,
            "upgrade_install": null,
            "values": null,
            "verify": false,
            "version": "7.7.5",
            "wait": true,
            "wait_for_jobs": false
          },
          "sensitive_attributes": [],
          "private": "eyJzY2hlbWFfdmVyc2lvbiI6IjEifQ==",
          "dependencies": [
            "data.oci_core_instance.agents",
            "data.oci_core_instance.server",
            "data.oci_core_subnet.main",
            "data.oci_core_vcn.main",
            "module.k3s.data.local_file.k3s_token",
            "module.k3s.null_resource.firewall_agents",
            "module.k3s.null_resource.firewall_server",
            "module.k3s.null_resource.k3s_agents",
            "module.k3s.null_resource.k3s_server",
            "module.k3s.null_resource.k3s_token",
            "module.k3s.null_resource.kubeconfig",
            "oci_core_security_list.k3s",
            "oci_core_subnet.main"
          ]
        }
      ]
    },
    {
      "module": "module.apps",
      "mode": "managed",
      "type": "helm_release",
      "name": "cert_manager",
      "provider": "provider[\"registry.terraform.io/hashicorp/helm\"]",
      "instances": [
        {
          "index_key": 0,
          "schema_version": 1,
          "attributes": {
            "atomic": false,
            "chart": "cert-manager",
            "cleanup_on_fail": false,
            "create_namespace": true,
            "dependency_update": false,
            "description": null,
            "devel": null,
            "disable_crd_hooks": false,
            "disable_openapi_validation": false,
            "disable_webhooks": false,
            "force_update": false,
            "id": "cert-manager",
            "keyring": null,
            "lint": false,
            "manifest": null,
            "max_history": 0,
            "metadata": [
              {
                "app_version": "v1.16.2",
                "chart": "cert-manager",
                "first_deployed": 1770370768,
                "last_deployed": 1770370768,
                "name": "cert-manager",
                "namespace": "cert-manager",
                "notes": "\ncert-manager v1.16.2 has been deployed successfully!\n\nIn order to begin issuing certificates, you will need to set up a ClusterIssuer\nor Issuer resource (for example, by creating a 'letsencrypt-staging' issuer).\n\nMore information on the different types of issuers and how to configure them\ncan be found in our documentation:\n\nhttps://cert-manager.io/docs/configuration/\n\nFor information on how to configure cert-manager to automatically provision\nCertificates for Ingress resources, take a look at the `ingress-shim`\ndocumentation:\n\nhttps://cert-manager.io/docs/usage/ingress/\n",
                "revision": 1,
                "values": "{\"cainjector\":{\"resources\":{\"limits\":{\"cpu\":\"50m\",\"memory\":\"128Mi\"},\"requests\":{\"cpu\":\"10m\",\"memory\":\"64Mi\"}}},\"crds\":{\"enabled\":true},\"resources\":{\"limits\":{\"cpu\":\"100m\",\"memory\":\"128Mi\"},\"requests\":{\"cpu\":\"25m\",\"memory\":\"64Mi\"}},\"webhook\":{\"resources\":{\"limits\":{\"cpu\":\"50m\",\"memory\":\"64Mi\"},\"requests\":{\"cpu\":\"10m\",\"memory\":\"32Mi\"}}}}",
                "version": "v1.16.2"
              }
            ],
            "name": "cert-manager",
            "namespace": "cert-manager",
            "pass_credentials": false,
            "postrender": [],
            "recreate_pods": false,
            "render_subchart_notes": true,
            "replace": false,
            "repository": "https://charts.jetstack.io",
            "repository_ca_file": null,
            "repository_cert_file": null,
            "repository_key_file": null,
            "repository_password": null,
            "repository_username": null,
            "reset_values": false,
            "reuse_values": false,
            "set": [
              {
                "name": "cainjector.resources.limits.cpu",
                "type": "",
                "value": "50m"
              },
              {
                "name": "cainjector.resources.limits.memory",
                "type": "",
                "value": "128Mi"
              },
              {
                "name": "cainjector.resources.requests.cpu",
                "type": "",
                "value": "10m"
              },
              {
                "name": "cainjector.resources.requests.memory",
                "type": "",
                "value": "64Mi"
              },
              {
                "name": "crds.enabled",
                "type": "",
                "value": "true"
              },
              {
                "name": "resources.limits.cpu",
                "type": "",
                "value": "100m"
              },
              {
                "name": "resources.limits.memory",
                "type": "",
                "value": "128Mi"
              },
              {
                "name": "resources.requests.cpu",
                "type": "",
                "value": "25m"
              },
              {
                "name": "resources.requests.memory",
                "type": "",
                "value": "64Mi"
              },
              {
                "name": "webhook.resources.limits.cpu",
                "type": "",
                "value": "50m"
              },
              {
                "name": "webhook.resources.limits.memory",
                "type": "",
                "value": "64Mi"
              },
              {
                "name": "webhook.resources.requests.cpu",
                "type": "",
                "value": "10m"
              },
              {
                "name": "webhook.resources.requests.memory",
                "type": "",
                "value": "32Mi"
              }
            ],
            "set_list": [],
            "set_sensitive": [],
            "skip_crds": false,
            "status": "deployed",
            "timeout": 300,
            "upgrade_install": null,
            "values": null,
            "verify": false,
            "version": "v1.16.2",
            "wait": true,
            "wait_for_jobs": false
          },
          "sensitive_attributes": [],
          "private": "eyJzY2hlbWFfdmVyc2lvbiI6IjEifQ==",
          "dependencies": [
            "data.oci_core_instance.agents",
            "data.oci_core_instance.server",
            "data.oci_core_subnet.main",
            "data.oci_core_vcn.main",
            "module.k3s.data.local_file.k3s_token",
            "module.k3s.null_resource.firewall_agents",
            "module.k3s.null_resource.firewall_server",
            "module.k3s.null_resource.k3s_agents",
            "module.k3s.null_resource.k3s_server",
            "module.k3s.null_resource.k3s_token",
            "module.k3s.null_resource.kubeconfig",
            "oci_core_security_list.k3s",
            "oci_core_subnet.main"
          ]
        }
      ]
    },
    {
      "module": "module.apps",
      "mode": "managed",
      "type": "helm_release",
      "name": "ingress_nginx",
      "provider": "provider[\"registry.terraform.io/hashicorp/helm\"]",
      "instances": [
        {
          "index_key": 0,
          "schema_version": 1,
          "attributes": {
            "atomic": false,
            "chart": "ingress-nginx",
            "cleanup_on_fail": false,
            "create_namespace": true,
            "dependency_update": false,
            "description": null,
            "devel": null,
            "disable_crd_hooks": false,
            "disable_openapi_validation": false,
            "disable_webhooks": false,
            "force_update": false,
            "id": "ingress-nginx",
            "keyring": null,
            "lint": false,
            "manifest": null,
            "max_history": 0,
            "metadata": [
              {
                "app_version": "1.11.3",
                "chart": "ingress-nginx",
                "first_deployed": 1770370765,
                "last_deployed": 1770370765,
                "name": "ingress-nginx",
                "namespace": "ingress-nginx",
                "notes": "The ingress-nginx controller has been installed.\nGet the application URL by running these commands:\n  export HTTP_NODE_PORT=30080\n  export HTTPS_NODE_PORT=30443\n  export NODE_IP=\"$(kubectl get nodes --output jsonpath=\"{.items[0].status.addresses[1].address}\")\"\n\n  echo \"Visit http://${NODE_IP}:${HTTP_NODE_PORT} to access your application via HTTP.\"\n  echo \"Visit https://${NODE_IP}:${HTTPS_NODE_PORT} to access your application via HTTPS.\"\n\nAn example Ingress that makes use of the controller:\n  apiVersion: networking.k8s.io/v1\n  kind: Ingress\n  metadata:\n    name: example\n    namespace: foo\n  spec:\n    ingressClassName: nginx\n    rules:\n      - host: www.example.com\n        http:\n          paths:\n            - pathType: Prefix\n              backend:\n                service:\n                  name: exampleService\n                  port:\n                    number: 80\n              path: /\n    # This section is only required if TLS is to be enabled for the Ingress\n    tls:\n      - hosts:\n        - www.example.com\n        secretName: example-tls\n\nIf TLS is enabled for the Ingress, a Secret containing the certificate and key must also be provided:\n\n  apiVersion: v1\n  kind: Secret\n  metadata:\n    name: example-tls\n    namespace: foo\n  data:\n    tls.crt: \u003cbase64 encoded cert\u003e\n    tls.key: \u003cbase64 encoded key\u003e\n  type: kubernetes.io/tls\n",
                "revision": 1,
                "values": "{\"controller\":{\"admissionWebhooks\":{\"enabled\":false},\"resources\":{\"limits\":{\"cpu\":\"200m\",\"memory\":\"256Mi\"},\"requests\":{\"cpu\":\"50m\",\"memory\":\"90Mi\"}},\"service\":{\"nodePorts\":{\"http\":30080,\"https\":30443},\"type\":\"NodePort\"}}}",
                "version": "4.11.3"
              }
            ],
            "name": "ingress-nginx",
            "namespace": "ingress-nginx",
            "pass_credentials": false,
            "postrender": [],
            "recreate_pods": false,
            "render_subchart_notes": true,
            "replace": false,
            "repository": "https://kubernetes.github.io/ingress-nginx",
            "repository_ca_file": null,
            "repository_cert_file": null,
            "repository_key_file": null,
            "repository_password": null,
            "repository_username": null,
            "reset_values": false,
            "reuse_values": false,
            "set": [
              {
                "name": "controller.admissionWebhooks.enabled",
                "type": "",
                "value": "false"
              },
              {
                "name": "controller.resources.limits.cpu",
                "type": "",
                "value": "200m"
              },
              {
                "name": "controller.resources.limits.memory",
                "type": "",
                "value": "256Mi"
              },
              {
                "name": "controller.resources.requests.cpu",
                "type": "",
                "value": "50m"
              },
              {
                "name": "controller.resources.requests.memory",
                "type": "",
                "value": "90Mi"
              },
              {
                "name": "controller.service.nodePorts.http",
                "type": "",
                "value": "30080"
              },
              {
                "name": "controller.service.nodePorts.https",
                "type": "",
                "value": "30443"
              },
              {
                "name": "controller.service.type",
                "type": "",
                "value": "NodePort"
              }
            ],
            "set_list": [],
            "set_sensitive": [],
            "skip_crds": false,
            "status": "deployed",
            "timeout": 300,
            "upgrade_install": null,
            "values": null,
            "verify": false,
            "version": "4.11.3",
            "wait": true,
            "wait_for_jobs": false
          },
          "sensitive_attributes": [],
          "private": "eyJzY2hlbWFfdmVyc2lvbiI6IjEifQ==",
          "dependencies": [
            "data.oci_core_instance.agents",
            "data.oci_core_instance.server",
            "data.oci_core_subnet.main",
            "data.oci_core_vcn.main",
            "module.k3s.data.local_file.k3s_token",
            "module.k3s.null_resource.firewall_agents",
            "module.k3s.null_resource.firewall_server",
            "module.k3s.null_resource.k3s_agents",
            "module.k3s.null_resource.k3s_server",
            "module.k3s.null_resource.k3s_token",
            "module.k3s.null_resource.kubeconfig",
            "oci_core_security_list.k3s",
            "oci_core_subnet.main"
          ]
        }
      ]
    },
    {
      "module": "module.apps",
      "mode": "managed",
      "type": "helm_release",
      "name": "kube_prometheus_stack",
      "provider": "provider[\"registry.terraform.io/hashicorp/helm\"]",
      "instances": [
        {
          "index_key": 0,
          "schema_version": 1,
          "attributes": {
            "atomic": false,
            "chart": "kube-prometheus-stack",
            "cleanup_on_fail": false,
            "create_namespace": true,
            "dependency_update": false,
            "description": null,
            "devel": null,
            "disable_crd_hooks": false,
            "disable_openapi_validation": false,
            "disable_webhooks": false,
            "force_update": false,
            "id": "kube-prometheus-stack",
            "keyring": null,
            "lint": false,
            "manifest": null,
            "max_history": 0,
            "metadata": [
              {
                "app_version": "v0.78.2",
                "chart": "kube-prometheus-stack",
                "first_deployed": 1770370801,
                "last_deployed": 1770373138,
                "name": "kube-prometheus-stack",
                "namespace": "monitoring",
                "notes": "kube-state-metrics is a simple service that listens to the Kubernetes API server and generates metrics about the state of the objects.\nThe exposed metrics can be found here:\nhttps://github.com/kubernetes/kube-state-metrics/blob/master/docs/README.md#exposed-metrics\n\nThe metrics are exported on the HTTP endpoint /metrics on the listening port.\nIn your case, kube-prometheus-stack-kube-state-metrics.monitoring.svc.cluster.local:8080/metrics\n\nThey are served either as plaintext or protobuf depending on the Accept header.\nThey are designed to be consumed either by Prometheus itself or by a scraper that is compatible with scraping a Prometheus client endpoint.\n\nkube-prometheus-stack has been installed. Check its status by running:\n  kubectl --namespace monitoring get pods -l \"release=kube-prometheus-stack\"\n\nVisit https://github.com/prometheus-operator/kube-prometheus for instructions on how to create \u0026 configure Alertmanager and Prometheus instances using the Operator.\n\n1. Get your 'admin' user password by running:\n\n   kubectl get secret --namespace monitoring kube-prometheus-stack-grafana -o jsonpath=\"{.data.admin-password}\" | base64 --decode ; echo\n\n\n2. The Grafana server can be accessed via port 80 on the following DNS name from within your cluster:\n\n   kube-prometheus-stack-grafana.monitoring.svc.cluster.local\n\n   Get the Grafana URL to visit by running these commands in the same shell:\n     export NODE_PORT=$(kubectl get --namespace monitoring -o jsonpath=\"{.spec.ports[0].nodePort}\" services kube-prometheus-stack-grafana)\n     export NODE_IP=$(kubectl get nodes --namespace monitoring -o jsonpath=\"{.items[0].status.addresses[0].address}\")\n     echo http://$NODE_IP:$NODE_PORT\n\n3. Login with the password from step 1 and the username: admin\n#################################################################################\n######   WARNING: Persistence is disabled!!! You will lose your data when   #####\n######            the Grafana pod is terminated.                            #####\n#################################################################################\n\n1. Get the application URL by running these commands:\n  export POD_NAME=$(kubectl get pods --namespace monitoring -l \"app.kubernetes.io/name=prometheus-node-exporter,app.kubernetes.io/instance=kube-prometheus-stack\" -o jsonpath=\"{.items[0].metadata.name}\")\n  echo \"Visit http://127.0.0.1:9100 to use your application\"\n  kubectl port-forward --namespace monitoring $POD_NAME 9100",
                "revision": 2,
                "values": "{\"alertmanager\":{\"enabled\":true},\"grafana\":{\"resources\":{\"limits\":{\"cpu\":\"200m\",\"memory\":\"256Mi\"},\"requests\":{\"cpu\":\"25m\",\"memory\":\"64Mi\"}},\"service\":{\"nodePort\":30090,\"type\":\"NodePort\"}},\"kube-state-metrics\":{\"resources\":{\"limits\":{\"cpu\":\"100m\",\"memory\":\"128Mi\"},\"requests\":{\"cpu\":\"10m\",\"memory\":\"32Mi\"}}},\"prometheus\":{\"prometheusSpec\":{\"resources\":{\"limits\":{\"cpu\":\"500m\",\"memory\":\"512Mi\"},\"requests\":{\"cpu\":\"100m\",\"memory\":\"256Mi\"}},\"retention\":\"3d\",\"scrapeInterval\":\"30s\",\"storageSpec\":{\"emptyDir\":{\"medium\":\"\"}}}},\"prometheus-node-exporter\":{\"resources\":{\"limits\":{\"cpu\":\"100m\",\"memory\":\"64Mi\"},\"requests\":{\"cpu\":\"10m\",\"memory\":\"32Mi\"}}},\"prometheusOperator\":{\"resources\":{\"limits\":{\"cpu\":\"200m\",\"memory\":\"256Mi\"},\"requests\":{\"cpu\":\"25m\",\"memory\":\"64Mi\"}}}}",
                "version": "66.3.1"
              }
            ],
            "name": "kube-prometheus-stack",
            "namespace": "monitoring",
            "pass_credentials": false,
            "postrender": [],
            "recreate_pods": false,
            "render_subchart_notes": true,
            "replace": false,
            "repository": "https://prometheus-community.github.io/helm-charts",
            "repository_ca_file": null,
            "repository_cert_file": null,
            "repository_key_file": null,
            "repository_password": null,
            "repository_username": null,
            "reset_values": false,
            "reuse_values": false,
            "set": [
              {
                "name": "alertmanager.enabled",
                "type": "",
                "value": "true"
              },
              {
                "name": "grafana.resources.limits.cpu",
                "type": "",
                "value": "200m"
              },
              {
                "name": "grafana.resources.limits.memory",
                "type": "",
                "value": "256Mi"
              },
              {
                "name": "grafana.resources.requests.cpu",
                "type": "",
                "value": "25m"
              },
              {
                "name": "grafana.resources.requests.memory",
                "type": "",
                "value": "64Mi"
              },
              {
                "name": "grafana.service.nodePort",
                "type": "",
                "value": "30090"
              },
              {
                "name": "grafana.service.type",
                "type": "",
                "value": "NodePort"
              },
              {
                "name": "kube-state-metrics.resources.limits.cpu",
                "type": "",
                "value": "100m"
              },
              {
                "name": "kube-state-metrics.resources.limits.memory",
                "type": "",
                "value": "128Mi"
              },
              {
                "name": "kube-state-metrics.resources.requests.cpu",
                "type": "",
                "value": "10m"
              },
              {
                "name": "kube-state-metrics.resources.requests.memory",
                "type": "",
                "value": "32Mi"
              },
              {
                "name": "prometheus-node-exporter.resources.limits.cpu",
                "type": "",
                "value": "100m"
              },
              {
                "name": "prometheus-node-exporter.resources.limits.memory",
                "type": "",
                "value": "64Mi"
              },
              {
                "name": "prometheus-node-exporter.resources.requests.cpu",
                "type": "",
                "value": "10m"
              },
              {
                "name": "prometheus-node-exporter.resources.requests.memory",
                "type": "",
                "value": "32Mi"
              },
              {
                "name": "prometheus.prometheusSpec.resources.limits.cpu",
                "type": "",
                "value": "500m"
              },
              {
                "name": "prometheus.prometheusSpec.resources.limits.memory",
                "type": "",
                "value": "512Mi"
              },
              {
                "name": "prometheus.prometheusSpec.resources.requests.cpu",
                "type": "",
                "value": "100m"
              },
              {
                "name": "prometheus.prometheusSpec.resources.requests.memory",
                "type": "",
                "value": "256Mi"
              },
              {
                "name": "prometheus.prometheusSpec.retention",
                "type": "",
                "value": "3d"
              },
              {
                "name": "prometheus.prometheusSpec.scrapeInterval",
                "type": "",
                "value": "30s"
              },
              {
                "name": "prometheus.prometheusSpec.storageSpec.emptyDir.medium",
                "type": "",
                "value": ""
              },
              {
                "name": "prometheusOperator.resources.limits.cpu",
                "type": "",
                "value": "200m"
              },
              {
                "name": "prometheusOperator.resources.limits.memory",
                "type": "",
                "value": "256Mi"
              },
              {
                "name": "prometheusOperator.resources.requests.cpu",
                "type": "",
                "value": "25m"
              },
              {
                "name": "prometheusOperator.resources.requests.memory",
                "type": "",
                "value": "64Mi"
              }
            ],
            "set_list": [],
            "set_sensitive": [],
            "skip_crds": false,
            "status": "deployed",
            "timeout": 600,
            "upgrade_install": null,
            "values": null,
            "verify": false,
            "version": "66.3.1",
            "wait": true,
            "wait_for_jobs": false
          },
          "sensitive_attributes": [],
          "private": "eyJzY2hlbWFfdmVyc2lvbiI6IjEifQ==",
          "dependencies": [
            "data.oci_core_instance.agents",
            "data.oci_core_instance.server",
            "data.oci_core_subnet.main",
            "data.oci_core_vcn.main",
            "module.k3s.data.local_file.k3s_token",
            "module.k3s.null_resource.firewall_agents",
            "module.k3s.null_resource.firewall_server",
            "module.k3s.null_resource.k3s_agents",
            "module.k3s.null_resource.k3s_server",
            "module.k3s.null_resource.k3s_token",
            "module.k3s.null_resource.kubeconfig",
            "oci_core_security_list.k3s",
            "oci_core_subnet.main"
          ]
        }
      ]
    },
    {
      "module": "module.apps",
      "mode": "managed",
      "type": "null_resource",
      "name": "letsencrypt_issuer",
      "provider": "provider[\"registry.terraform.io/hashicorp/null\"]",
      "instances": [
        {
          "index_key": 0,
          "schema_version": 0,
          "attributes": {
            "id": "7828162172693111698",
            "triggers": null
          },
          "sensitive_attributes": [],
          "dependencies": [
            "data.oci_core_instance.agents",
            "data.oci_core_instance.server",
            "module.apps.helm_release.cert_manager",
            "module.k3s.data.local_file.k3s_token",
            "module.k3s.null_resource.firewall_agents",
            "module.k3s.null_resource.firewall_server",
            "module.k3s.null_resource.k3s_agents",
            "module.k3s.null_resource.k3s_server",
            "module.k3s.null_resource.k3s_token",
            "module.k3s.null_resource.kubeconfig",
            "oci_core_security_list.k3s",
            "oci_core_subnet.main"
          ]
        }
      ]
    },
    {
      "module": "module.k3s",
      "mode": "data",
      "type": "local_file",
      "name": "k3s_token",
      "provider": "provider[\"registry.terraform.io/hashicorp/local\"]",
      "instances": [
        {
          "schema_version": 0,
          "attributes": {
            "content": "K10611674f6b471657f156c376922cf20d9d67f730541bbc05911683173b45dc167::server:9178387f919ef3508d31311d84d9705f\n",
            "content_base64": "SzEwNjExNjc0ZjZiNDcxNjU3ZjE1NmMzNzY5MjJjZjIwZDlkNjdmNzMwNTQxYmJjMDU5MTE2ODMxNzNiNDVkYzE2Nzo6c2VydmVyOjkxNzgzODdmOTE5ZWYzNTA4ZDMxMzExZDg0ZDk3MDVmCg==",
            "content_base64sha256": "MHRmHooGw3DSAIKb6hGA9qO/CHQavbAuqVnqrKd/e8w=",
            "content_base64sha512": "/EI0IlzJQDujKr2Hj+W3zZxXsY4mParYUgSXxDCnaEvDpA/BfSbE0go8+ZdByzaa+KpBkqCF7nFgDnM9uc9sJw==",
            "content_md5": "e8be411911ddd05b670ebe75a38f89c8",
            "content_sha1": "021ea37790cc7b9e33baaff740a9175bf9818627",
            "content_sha256": "3074661e8a06c370d200829bea1180f6a3bf08741abdb02ea959eaaca77f7bcc",
            "content_sha512": "fc4234225cc9403ba32abd878fe5b7cd9c57b18e263daad8520497c430a7684bc3a40fc17d26c4d20a3cf99741cb369af8aa4192a085ee71600e733db9cf6c27",
            "filename": "/Users/seongho-noh/workspace/space/infra-oracle/.node-token",
            "id": "021ea37790cc7b9e33baaff740a9175bf9818627"
          },
          "sensitive_attributes": []
        }
      ]
    },
    {
      "module": "module.k3s",
      "mode": "managed",
      "type": "null_resource",
      "name": "firewall_agents",
      "provider": "provider[\"registry.terraform.io/hashicorp/null\"]",
      "instances": [
        {
          "index_key": 0,
          "schema_version": 0,
          "attributes": {
            "id": "4954799685619998146",
            "triggers": null
          },
          "sensitive_attributes": [],
          "dependencies": [
            "data.oci_core_instance.agents",
            "data.oci_core_subnet.main",
            "data.oci_core_vcn.main",
            "oci_core_security_list.k3s",
            "oci_core_subnet.main"
          ]
        },
        {
          "index_key": 1,
          "schema_version": 0,
          "attributes": {
            "id": "3654679341425656512",
            "triggers": null
          },
          "sensitive_attributes": [],
          "dependencies": [
            "data.oci_core_instance.agents",
            "data.oci_core_subnet.main",
            "data.oci_core_vcn.main",
            "oci_core_security_list.k3s",
            "oci_core_subnet.main"
          ]
        }
      ]
    },
    {
      "module": "module.k3s",
      "mode": "managed",
      "type": "null_resource",
      "name": "firewall_server",
      "provider": "provider[\"registry.terraform.io/hashicorp/null\"]",
      "instances": [
        {
          "schema_version": 0,
          "attributes": {
            "id": "1592719107006555366",
            "triggers": null
          },
          "sensitive_attributes": [],
          "dependencies": [
            "data.oci_core_instance.server",
            "data.oci_core_subnet.main",
            "data.oci_core_vcn.main",
            "oci_core_security_list.k3s",
            "oci_core_subnet.main"
          ]
        }
      ]
    },
    {
      "module": "module.k3s",
      "mode": "managed",
      "type": "null_resource",
      "name": "k3s_agents",
      "provider": "provider[\"registry.terraform.io/hashicorp/null\"]",
      "instances": [
        {
          "index_key": 0,
          "schema_version": 0,
          "attributes": {
            "id": "2771830860816246509",
            "triggers": null
          },
          "sensitive_attributes": [],
          "dependencies": [
            "data.oci_core_instance.agents",
            "data.oci_core_instance.server",
            "data.oci_core_subnet.main",
            "data.oci_core_vcn.main",
            "module.k3s.data.local_file.k3s_token",
            "module.k3s.null_resource.firewall_agents",
            "module.k3s.null_resource.firewall_server",
            "module.k3s.null_resource.k3s_server",
            "module.k3s.null_resource.k3s_token",
            "oci_core_security_list.k3s",
            "oci_core_subnet.main"
          ]
        },
        {
          "index_key": 1,
          "schema_version": 0,
          "attributes": {
            "id": "7796252933686047313",
            "triggers": null
          },
          "sensitive_attributes": [],
          "dependencies": [
            "data.oci_core_instance.agents",
            "data.oci_core_instance.server",
            "data.oci_core_subnet.main",
            "data.oci_core_vcn.main",
            "module.k3s.data.local_file.k3s_token",
            "module.k3s.null_resource.firewall_agents",
            "module.k3s.null_resource.firewall_server",
            "module.k3s.null_resource.k3s_server",
            "module.k3s.null_resource.k3s_token",
            "oci_core_security_list.k3s",
            "oci_core_subnet.main"
          ]
        }
      ]
    },
    {
      "module": "module.k3s",
      "mode": "managed",
      "type": "null_resource",
      "name": "k3s_server",
      "provider": "provider[\"registry.terraform.io/hashicorp/null\"]",
      "instances": [
        {
          "schema_version": 0,
          "attributes": {
            "id": "1747429906542016883",
            "triggers": null
          },
          "sensitive_attributes": [],
          "dependencies": [
            "data.oci_core_instance.server",
            "data.oci_core_subnet.main",
            "data.oci_core_vcn.main",
            "module.k3s.null_resource.firewall_server",
            "oci_core_security_list.k3s",
            "oci_core_subnet.main"
          ]
        }
      ]
    },
    {
      "module": "module.k3s",
      "mode": "managed",
      "type": "null_resource",
      "name": "k3s_token",
      "provider": "provider[\"registry.terraform.io/hashicorp/null\"]",
      "instances": [
        {
          "schema_version": 0,
          "attributes": {
            "id": "6290534522560379342",
            "triggers": {
              "server_id": "1747429906542016883"
            }
          },
          "sensitive_attributes": [],
          "dependencies": [
            "data.oci_core_instance.server",
            "data.oci_core_subnet.main",
            "data.oci_core_vcn.main",
            "module.k3s.null_resource.firewall_server",
            "module.k3s.null_resource.k3s_server",
            "oci_core_security_list.k3s",
            "oci_core_subnet.main"
          ]
        }
      ]
    },
    {
      "module": "module.k3s",
      "mode": "managed",
      "type": "null_resource",
      "name": "kubeconfig",
      "provider": "provider[\"registry.terraform.io/hashicorp/null\"]",
      "instances": [
        {
          "schema_version": 0,
          "attributes": {
            "id": "6340991825081888903",
            "triggers": {
              "server_id": "1747429906542016883"
            }
          },
          "sensitive_attributes": [],
          "dependencies": [
            "data.oci_core_instance.server",
            "data.oci_core_subnet.main",
            "data.oci_core_vcn.main",
            "module.k3s.null_resource.firewall_server",
            "module.k3s.null_resource.k3s_server",
            "oci_core_security_list.k3s",
            "oci_core_subnet.main"
          ]
        }
      ]
    }
  ],
  "check_results": null
}
