{
  "version": 4,
  "terraform_version": "1.5.7",
  "serial": 22,
  "lineage": "a33aa68b-d363-de4c-6f88-1fc8a01004c6",
  "outputs": {
    "agent_private_ips": {
      "value": [
        "10.0.0.84",
        "10.0.0.144"
      ],
      "type": [
        "tuple",
        [
          "string",
          "string"
        ]
      ]
    },
    "agent_public_ips": {
      "value": [
        "146.56.164.125",
        "152.70.93.64"
      ],
      "type": [
        "tuple",
        [
          "string",
          "string"
        ]
      ]
    },
    "argocd_password_command": {
      "value": "kubectl -n argocd get secret argocd-initial-admin-secret -o jsonpath='{.data.password}' | base64 -d",
      "type": "string"
    },
    "argocd_url": {
      "value": "https://193.122.121.37:30443",
      "type": "string"
    },
    "grafana_password_command": {
      "value": "kubectl -n monitoring get secret kube-prometheus-stack-grafana -o jsonpath='{.data.admin-password}' | base64 -d",
      "type": "string"
    },
    "grafana_url": {
      "value": "http://193.122.121.37:30090",
      "type": "string"
    },
    "ingress_http_url": {
      "value": "http://193.122.121.37:30080",
      "type": "string"
    },
    "ingress_https_url": {
      "value": "https://193.122.121.37:30443",
      "type": "string"
    },
    "kubeconfig_export": {
      "value": "export KUBECONFIG=/Users/seongho-noh/workspace/space/infra-oracle/.kubeconfig",
      "type": "string"
    },
    "kubeconfig_path": {
      "value": "/Users/seongho-noh/workspace/space/infra-oracle/.kubeconfig",
      "type": "string"
    },
    "lb_public_ip": {
      "value": "146.56.139.109",
      "type": "string"
    },
    "lb_url": {
      "value": "http://146.56.139.109",
      "type": "string"
    },
    "security_list_id": {
      "value": "ocid1.securitylist.oc1.ap-seoul-1.aaaaaaaadb27wauovpy6d7w4qtten2mvzw3rmafuqu2g2ftenkw5wzyksxbq",
      "type": "string"
    },
    "server_private_ip": {
      "value": "10.0.0.65",
      "type": "string"
    },
    "server_public_ip": {
      "value": "193.122.121.37",
      "type": "string"
    }
  },
  "resources": [
    {
      "mode": "data",
      "type": "oci_core_instance",
      "name": "agents",
      "provider": "provider[\"registry.terraform.io/oracle/oci\"]",
      "instances": [
        {
          "index_key": 0,
          "schema_version": 0,
          "attributes": {
            "agent_config": [
              {
                "are_all_plugins_disabled": false,
                "is_management_disabled": false,
                "is_monitoring_disabled": false,
                "plugins_config": [
                  {
                    "desired_state": "DISABLED",
                    "name": "Vulnerability Scanning"
                  },
                  {
                    "desired_state": "DISABLED",
                    "name": "Management Agent"
                  },
                  {
                    "desired_state": "ENABLED",
                    "name": "Custom Logs Monitoring"
                  },
                  {
                    "desired_state": "DISABLED",
                    "name": "Compute RDMA GPU Monitoring"
                  },
                  {
                    "desired_state": "ENABLED",
                    "name": "Compute Instance Monitoring"
                  },
                  {
                    "desired_state": "DISABLED",
                    "name": "Compute HPC RDMA Auto-Configuration"
                  },
                  {
                    "desired_state": "DISABLED",
                    "name": "Compute HPC RDMA Authentication"
                  },
                  {
                    "desired_state": "ENABLED",
                    "name": "Cloud Guard Workload Protection"
                  },
                  {
                    "desired_state": "DISABLED",
                    "name": "Block Volume Management"
                  },
                  {
                    "desired_state": "DISABLED",
                    "name": "Bastion"
                  }
                ]
              }
            ],
            "async": null,
            "availability_config": [
              {
                "is_live_migration_preferred": false,
                "recovery_action": "RESTORE_INSTANCE"
              }
            ],
            "availability_domain": "jTyP:AP-SEOUL-1-AD-1",
            "boot_volume_id": "ocid1.bootvolume.oc1.ap-seoul-1.abuwgljrd3xoi5omk2d4icmakwh7mbjkavmejo5p6xri3vqvrpvvbsf6jlgq",
            "capacity_reservation_id": null,
            "cluster_placement_group_id": null,
            "compartment_id": "ocid1.tenancy.oc1..aaaaaaaazdw5dr7c6knes27ona5oesxvh3jnfdc2nw2lbh3hbokiw3wqbhta",
            "compute_cluster_id": null,
            "create_vnic_details": null,
            "dedicated_vm_host_id": null,
            "defined_tags": {
              "Oracle-Tags.CreatedBy": "default/shdkej@gmail.com",
              "Oracle-Tags.CreatedOn": "2026-02-05T03:31:43.100Z"
            },
            "display_name": "oracle-arm-1",
            "extended_metadata": null,
            "fault_domain": "FAULT-DOMAIN-3",
            "freeform_tags": {},
            "hostname_label": "oracle-arm-1",
            "id": "ocid1.instance.oc1.ap-seoul-1.anuwgljr7h4sxcicsvxi53vsk4ysi6qwjcunxfxien2l3t6iv7gl3xkilh7a",
            "image": "ocid1.image.oc1.ap-seoul-1.aaaaaaaaheoeqfkk7j6aqlqa5ppalatsaxqxftcnoz6erj36wo3cowt6bfba",
            "instance_configuration_id": null,
            "instance_id": "ocid1.instance.oc1.ap-seoul-1.anuwgljr7h4sxcicsvxi53vsk4ysi6qwjcunxfxien2l3t6iv7gl3xkilh7a",
            "instance_options": [
              {
                "are_legacy_imds_endpoints_disabled": false
              }
            ],
            "ipxe_script": null,
            "is_cross_numa_node": false,
            "is_pv_encryption_in_transit_enabled": null,
            "launch_mode": "PARAVIRTUALIZED",
            "launch_options": [
              {
                "boot_volume_type": "PARAVIRTUALIZED",
                "firmware": "UEFI_64",
                "is_consistent_volume_naming_enabled": true,
                "is_pv_encryption_in_transit_enabled": true,
                "network_type": "PARAVIRTUALIZED",
                "remote_data_volume_type": "PARAVIRTUALIZED"
              }
            ],
            "launch_volume_attachments": null,
            "metadata": {
              "ssh_authorized_keys": "ssh-rsa AAAAB3NzaC1yc2EAAAADAQABAAABAQDNS/JZ/KVyFEyF8IciiLtiMjDhRo7G92o52Y/gTWQOK1fgPsLEI7vl2l833hxVOKcgbl4Yk4DNuYxXaj8pM92MUPzwg0bnWOeedIOa2KJ0dCOjTcnDcke6cg8b6CQK3H30JGB4yYUNzwy9GDKFCRpQf6ggw0vtZGcfCmtd4AL3GjdFhajElVB9cIpmre6+QwaRYTPJQpQBid959z56ti0kSr+SkuzNUICGT5hUhufio2sBtcgEprbXXAuOX4ZJpMXLPt6EMbm353EEjmu2d2SGxheUTNlbvj5GIFJh4zEUOa+mFQGz0oT8E0Z88NRX3l8K/JDfUIQ96ZSbFW9hOGZ1 ssh-key-2026-02-05"
            },
            "platform_config": [],
            "preemptible_instance_config": [],
            "preserve_boot_volume": null,
            "preserve_data_volumes_created_at_launch": null,
            "private_ip": "10.0.0.84",
            "public_ip": "146.56.164.125",
            "region": "ap-seoul-1",
            "shape": "VM.Standard.A1.Flex",
            "shape_config": [
              {
                "baseline_ocpu_utilization": "",
                "gpu_description": "",
                "gpus": 0,
                "local_disk_description": "",
                "local_disks": 0,
                "local_disks_total_size_in_gbs": 0,
                "max_vnic_attachments": 2,
                "memory_in_gbs": 6,
                "networking_bandwidth_in_gbps": 1,
                "nvmes": 0,
                "ocpus": 1,
                "processor_description": "3.0 GHz Ampere® Altra™",
                "vcpus": 1
              }
            ],
            "source_details": [
              {
                "boot_volume_size_in_gbs": "47",
                "boot_volume_vpus_per_gb": "10",
                "instance_source_image_filter_details": [],
                "is_preserve_boot_volume_enabled": false,
                "kms_key_id": "",
                "source_id": "ocid1.image.oc1.ap-seoul-1.aaaaaaaaheoeqfkk7j6aqlqa5ppalatsaxqxftcnoz6erj36wo3cowt6bfba",
                "source_type": "image"
              }
            ],
            "state": "RUNNING",
            "subnet_id": "ocid1.subnet.oc1.ap-seoul-1.aaaaaaaa4fkpsm66o6chhjzsj5lbdgqhh5sv3t7aa4omdy6cvya5jazad3da",
            "system_tags": {},
            "time_created": "2026-02-05 03:31:43.398 +0000 UTC",
            "time_maintenance_reboot_due": null,
            "update_operation_constraint": null
          },
          "sensitive_attributes": []
        },
        {
          "index_key": 1,
          "schema_version": 0,
          "attributes": {
            "agent_config": [
              {
                "are_all_plugins_disabled": false,
                "is_management_disabled": false,
                "is_monitoring_disabled": false,
                "plugins_config": [
                  {
                    "desired_state": "DISABLED",
                    "name": "Vulnerability Scanning"
                  },
                  {
                    "desired_state": "DISABLED",
                    "name": "Management Agent"
                  },
                  {
                    "desired_state": "ENABLED",
                    "name": "Custom Logs Monitoring"
                  },
                  {
                    "desired_state": "DISABLED",
                    "name": "Compute RDMA GPU Monitoring"
                  },
                  {
                    "desired_state": "ENABLED",
                    "name": "Compute Instance Monitoring"
                  },
                  {
                    "desired_state": "DISABLED",
                    "name": "Compute HPC RDMA Auto-Configuration"
                  },
                  {
                    "desired_state": "DISABLED",
                    "name": "Compute HPC RDMA Authentication"
                  },
                  {
                    "desired_state": "ENABLED",
                    "name": "Cloud Guard Workload Protection"
                  },
                  {
                    "desired_state": "DISABLED",
                    "name": "Block Volume Management"
                  },
                  {
                    "desired_state": "DISABLED",
                    "name": "Bastion"
                  }
                ]
              }
            ],
            "async": null,
            "availability_config": [
              {
                "is_live_migration_preferred": false,
                "recovery_action": "RESTORE_INSTANCE"
              }
            ],
            "availability_domain": "jTyP:AP-SEOUL-1-AD-1",
            "boot_volume_id": "ocid1.bootvolume.oc1.ap-seoul-1.abuwgljrdcz3jhp3jy2fzstndtyisponkfsqet4iafpt47mpsdavjgdp4v4a",
            "capacity_reservation_id": null,
            "cluster_placement_group_id": null,
            "compartment_id": "ocid1.tenancy.oc1..aaaaaaaazdw5dr7c6knes27ona5oesxvh3jnfdc2nw2lbh3hbokiw3wqbhta",
            "compute_cluster_id": null,
            "create_vnic_details": null,
            "dedicated_vm_host_id": null,
            "defined_tags": {
              "Oracle-Tags.CreatedBy": "default/shdkej@gmail.com",
              "Oracle-Tags.CreatedOn": "2026-02-05T03:44:06.529Z"
            },
            "display_name": "oracle-amd-1",
            "extended_metadata": null,
            "fault_domain": "FAULT-DOMAIN-3",
            "freeform_tags": {},
            "hostname_label": "oracle-amd-1",
            "id": "ocid1.instance.oc1.ap-seoul-1.anuwgljr7h4sxcickhxccb2jpzfpmleltag6jd4wkh4ke56d2ydw7csh5u4q",
            "image": "ocid1.image.oc1.ap-seoul-1.aaaaaaaa4uy4dwce7rer6pygqqt3rfg7n2kjt2h7nymkuxnrjmtazvy5weka",
            "instance_configuration_id": null,
            "instance_id": "ocid1.instance.oc1.ap-seoul-1.anuwgljr7h4sxcickhxccb2jpzfpmleltag6jd4wkh4ke56d2ydw7csh5u4q",
            "instance_options": [
              {
                "are_legacy_imds_endpoints_disabled": false
              }
            ],
            "ipxe_script": null,
            "is_cross_numa_node": false,
            "is_pv_encryption_in_transit_enabled": null,
            "launch_mode": "PARAVIRTUALIZED",
            "launch_options": [
              {
                "boot_volume_type": "PARAVIRTUALIZED",
                "firmware": "UEFI_64",
                "is_consistent_volume_naming_enabled": true,
                "is_pv_encryption_in_transit_enabled": true,
                "network_type": "PARAVIRTUALIZED",
                "remote_data_volume_type": "PARAVIRTUALIZED"
              }
            ],
            "launch_volume_attachments": null,
            "metadata": {
              "ssh_authorized_keys": "ssh-rsa AAAAB3NzaC1yc2EAAAADAQABAAABAQCo7Ml5HBw4DiHmrm/NnPTYCxyR4RFt+n4j9vau5c/Y7hIDqNeZp7QHHbpnRrTNA4n28ZRjlkW/Sp/X0FvsxPXLjsKj90B290ubN0pxhtXvr87zuS0+j7YVysmHeGJv7Clh2EcGEOzAnFYJfi58OFliVuQRYVRT3lRxEK45SFgqGmOy1ipjQBwhGdVEoZm/SPAzCBH9LiwenRjChOkwMcB8SDX0Ev93VMrsn02ZQ+vyHE1ML86xdArGeVQPfvk9nFxwbLA67P+MbeCEYJ4vYDc3n49SzVMhCARpzDoP8CU57C+22IxVwkCLi88pgecVjnDtGKWcHK2lIAt9Nbg4V1Y3 ssh-key-2026-02-05"
            },
            "platform_config": [],
            "preemptible_instance_config": [],
            "preserve_boot_volume": null,
            "preserve_data_volumes_created_at_launch": null,
            "private_ip": "10.0.0.144",
            "public_ip": "152.70.93.64",
            "region": "ap-seoul-1",
            "shape": "VM.Standard.E2.1.Micro",
            "shape_config": [
              {
                "baseline_ocpu_utilization": "",
                "gpu_description": "",
                "gpus": 0,
                "local_disk_description": "",
                "local_disks": 0,
                "local_disks_total_size_in_gbs": 0,
                "max_vnic_attachments": 1,
                "memory_in_gbs": 1,
                "networking_bandwidth_in_gbps": 0.47999998927116394,
                "nvmes": 0,
                "ocpus": 1,
                "processor_description": "2.0 GHz AMD EPYC™ 7551 (Naples)",
                "vcpus": 2
              }
            ],
            "source_details": [
              {
                "boot_volume_size_in_gbs": "47",
                "boot_volume_vpus_per_gb": "10",
                "instance_source_image_filter_details": [],
                "is_preserve_boot_volume_enabled": false,
                "kms_key_id": "",
                "source_id": "ocid1.image.oc1.ap-seoul-1.aaaaaaaa4uy4dwce7rer6pygqqt3rfg7n2kjt2h7nymkuxnrjmtazvy5weka",
                "source_type": "image"
              }
            ],
            "state": "RUNNING",
            "subnet_id": "ocid1.subnet.oc1.ap-seoul-1.aaaaaaaa4fkpsm66o6chhjzsj5lbdgqhh5sv3t7aa4omdy6cvya5jazad3da",
            "system_tags": {
              "orcl-cloud.free-tier-retained": "true"
            },
            "time_created": "2026-02-05 03:44:06.927 +0000 UTC",
            "time_maintenance_reboot_due": null,
            "update_operation_constraint": null
          },
          "sensitive_attributes": []
        }
      ]
    },
    {
      "mode": "data",
      "type": "oci_core_instance",
      "name": "server",
      "provider": "provider[\"registry.terraform.io/oracle/oci\"]",
      "instances": [
        {
          "schema_version": 0,
          "attributes": {
            "agent_config": [
              {
                "are_all_plugins_disabled": false,
                "is_management_disabled": false,
                "is_monitoring_disabled": false,
                "plugins_config": [
                  {
                    "desired_state": "DISABLED",
                    "name": "Vulnerability Scanning"
                  },
                  {
                    "desired_state": "DISABLED",
                    "name": "Management Agent"
                  },
                  {
                    "desired_state": "ENABLED",
                    "name": "Custom Logs Monitoring"
                  },
                  {
                    "desired_state": "DISABLED",
                    "name": "Compute RDMA GPU Monitoring"
                  },
                  {
                    "desired_state": "ENABLED",
                    "name": "Compute Instance Monitoring"
                  },
                  {
                    "desired_state": "DISABLED",
                    "name": "Compute HPC RDMA Auto-Configuration"
                  },
                  {
                    "desired_state": "DISABLED",
                    "name": "Compute HPC RDMA Authentication"
                  },
                  {
                    "desired_state": "ENABLED",
                    "name": "Cloud Guard Workload Protection"
                  },
                  {
                    "desired_state": "DISABLED",
                    "name": "Block Volume Management"
                  },
                  {
                    "desired_state": "DISABLED",
                    "name": "Bastion"
                  }
                ]
              }
            ],
            "async": null,
            "availability_config": [
              {
                "is_live_migration_preferred": false,
                "recovery_action": "RESTORE_INSTANCE"
              }
            ],
            "availability_domain": "jTyP:AP-SEOUL-1-AD-1",
            "boot_volume_id": "ocid1.bootvolume.oc1.ap-seoul-1.abuwgljrldiujdlizknoubzp6rxxotm64hnhdxlmugbktbmsd7expexx37ba",
            "capacity_reservation_id": null,
            "cluster_placement_group_id": null,
            "compartment_id": "ocid1.tenancy.oc1..aaaaaaaazdw5dr7c6knes27ona5oesxvh3jnfdc2nw2lbh3hbokiw3wqbhta",
            "compute_cluster_id": null,
            "create_vnic_details": null,
            "dedicated_vm_host_id": null,
            "defined_tags": {
              "Oracle-Tags.CreatedBy": "default/shdkej@gmail.com",
              "Oracle-Tags.CreatedOn": "2026-02-05T03:42:07.793Z"
            },
            "display_name": "oracle-arm-2",
            "extended_metadata": null,
            "fault_domain": "FAULT-DOMAIN-3",
            "freeform_tags": {},
            "hostname_label": "oracle-arm-2",
            "id": "ocid1.instance.oc1.ap-seoul-1.anuwgljr7h4sxcic3wb6sjxwgunrgotbpi3psu6cjijtzjvajcf3krwt4qpq",
            "image": "ocid1.image.oc1.ap-seoul-1.aaaaaaaaheoeqfkk7j6aqlqa5ppalatsaxqxftcnoz6erj36wo3cowt6bfba",
            "instance_configuration_id": null,
            "instance_id": "ocid1.instance.oc1.ap-seoul-1.anuwgljr7h4sxcic3wb6sjxwgunrgotbpi3psu6cjijtzjvajcf3krwt4qpq",
            "instance_options": [
              {
                "are_legacy_imds_endpoints_disabled": false
              }
            ],
            "ipxe_script": null,
            "is_cross_numa_node": false,
            "is_pv_encryption_in_transit_enabled": null,
            "launch_mode": "PARAVIRTUALIZED",
            "launch_options": [
              {
                "boot_volume_type": "PARAVIRTUALIZED",
                "firmware": "UEFI_64",
                "is_consistent_volume_naming_enabled": true,
                "is_pv_encryption_in_transit_enabled": true,
                "network_type": "PARAVIRTUALIZED",
                "remote_data_volume_type": "PARAVIRTUALIZED"
              }
            ],
            "launch_volume_attachments": null,
            "metadata": {
              "ssh_authorized_keys": "ssh-rsa AAAAB3NzaC1yc2EAAAADAQABAAABAQDM9SkBOfHD9Q/oNDOm3wT/0Hxryh55+TBdEPeDtm7ghRnoo7qtwL4fDO5DNo3CDhSaGtCjmdTEJL/UV9jIFJ2PCC5LVrWi2y7lKSRj5IA5pBFm10PNWzWflOE8bjJPhQiQQktNOBODPPHkM5kJgHHg0zgJkU95JncpufGs8yO1+hB7tZbyG7OyUttkq3+oIRtutG2A8Es+9HrrQhjafq70uQBHg+MoWulZsMbuW6gfRpFUtOSAGmZ020kG5l1UupeUJoK4eVha0w+QfkOuGe/72QMrCBRRUWx0PhH1fQqqwr4xAiOQAN8WnUJPgiBmQrHnGcWKn0YsM17Gq8voOzFR ssh-key-2026-02-05"
            },
            "platform_config": [],
            "preemptible_instance_config": [],
            "preserve_boot_volume": null,
            "preserve_data_volumes_created_at_launch": null,
            "private_ip": "10.0.0.65",
            "public_ip": "193.122.121.37",
            "region": "ap-seoul-1",
            "shape": "VM.Standard.A1.Flex",
            "shape_config": [
              {
                "baseline_ocpu_utilization": "",
                "gpu_description": "",
                "gpus": 0,
                "local_disk_description": "",
                "local_disks": 0,
                "local_disks_total_size_in_gbs": 0,
                "max_vnic_attachments": 2,
                "memory_in_gbs": 12,
                "networking_bandwidth_in_gbps": 2,
                "nvmes": 0,
                "ocpus": 2,
                "processor_description": "3.0 GHz Ampere® Altra™",
                "vcpus": 2
              }
            ],
            "source_details": [
              {
                "boot_volume_size_in_gbs": "47",
                "boot_volume_vpus_per_gb": "10",
                "instance_source_image_filter_details": [],
                "is_preserve_boot_volume_enabled": false,
                "kms_key_id": "",
                "source_id": "ocid1.image.oc1.ap-seoul-1.aaaaaaaaheoeqfkk7j6aqlqa5ppalatsaxqxftcnoz6erj36wo3cowt6bfba",
                "source_type": "image"
              }
            ],
            "state": "RUNNING",
            "subnet_id": "ocid1.subnet.oc1.ap-seoul-1.aaaaaaaa4fkpsm66o6chhjzsj5lbdgqhh5sv3t7aa4omdy6cvya5jazad3da",
            "system_tags": {},
            "time_created": "2026-02-05 03:42:08.281 +0000 UTC",
            "time_maintenance_reboot_due": null,
            "update_operation_constraint": null
          },
          "sensitive_attributes": []
        }
      ]
    },
    {
      "mode": "data",
      "type": "oci_core_security_lists",
      "name": "existing",
      "provider": "provider[\"registry.terraform.io/oracle/oci\"]",
      "instances": [
        {
          "schema_version": 0,
          "attributes": {
            "compartment_id": "ocid1.tenancy.oc1..aaaaaaaazdw5dr7c6knes27ona5oesxvh3jnfdc2nw2lbh3hbokiw3wqbhta",
            "display_name": null,
            "filter": [
              {
                "name": "id",
                "regex": false,
                "values": [
                  "ocid1.securitylist.oc1.ap-seoul-1.aaaaaaaaxhpjzf7tfheo2vxv44bpnioyk7yido5ldi5hcm7sjqxidqqepifa",
                  "ocid1.securitylist.oc1.ap-seoul-1.aaaaaaaa6ygcea3lscbpgjk5vwxd6rfyaxvdpnul2gw2wuznd4c4v5z72puq"
                ]
              }
            ],
            "id": "CoreSecurityListsDataSource-3996948535",
            "security_lists": [
              {
                "compartment_id": "ocid1.tenancy.oc1..aaaaaaaazdw5dr7c6knes27ona5oesxvh3jnfdc2nw2lbh3hbokiw3wqbhta",
                "defined_tags": {
                  "Oracle-Tags.CreatedBy": "shdkej@gmail.com",
                  "Oracle-Tags.CreatedOn": "2021-03-24T06:53:57.423Z"
                },
                "display_name": "securitylist20210324065357",
                "egress_security_rules": [],
                "freeform_tags": {},
                "id": "ocid1.securitylist.oc1.ap-seoul-1.aaaaaaaa6ygcea3lscbpgjk5vwxd6rfyaxvdpnul2gw2wuznd4c4v5z72puq",
                "ingress_security_rules": [
                  {
                    "description": "",
                    "icmp_options": [],
                    "protocol": "17",
                    "source": "0.0.0.0/0",
                    "source_type": "CIDR_BLOCK",
                    "stateless": false,
                    "tcp_options": [],
                    "udp_options": [
                      {
                        "max": 500,
                        "min": 500,
                        "source_port_range": []
                      }
                    ]
                  },
                  {
                    "description": "",
                    "icmp_options": [],
                    "protocol": "17",
                    "source": "0.0.0.0/0",
                    "source_type": "CIDR_BLOCK",
                    "stateless": false,
                    "tcp_options": [],
                    "udp_options": [
                      {
                        "max": 4500,
                        "min": 4500,
                        "source_port_range": []
                      }
                    ]
                  },
                  {
                    "description": "",
                    "icmp_options": [],
                    "protocol": "6",
                    "source": "0.0.0.0/0",
                    "source_type": "CIDR_BLOCK",
                    "stateless": false,
                    "tcp_options": [
                      {
                        "max": 8080,
                        "min": 8080,
                        "source_port_range": []
                      }
                    ],
                    "udp_options": []
                  },
                  {
                    "description": "",
                    "icmp_options": [],
                    "protocol": "6",
                    "source": "0.0.0.0/0",
                    "source_type": "CIDR_BLOCK",
                    "stateless": false,
                    "tcp_options": [
                      {
                        "max": 22,
                        "min": 22,
                        "source_port_range": []
                      }
                    ],
                    "udp_options": []
                  }
                ],
                "state": "AVAILABLE",
                "time_created": "2021-03-24 06:53:57.434 +0000 UTC",
                "vcn_id": "ocid1.vcn.oc1.ap-seoul-1.amaaaaaa7h4sxcia7ayuej4mr2lfq25ggpsr2thubjd7nlghvbzwhghfuurq"
              },
              {
                "compartment_id": "ocid1.tenancy.oc1..aaaaaaaazdw5dr7c6knes27ona5oesxvh3jnfdc2nw2lbh3hbokiw3wqbhta",
                "defined_tags": {
                  "Oracle-Tags.CreatedBy": "shdkej@gmail.com",
                  "Oracle-Tags.CreatedOn": "2021-03-24T06:53:56.760Z"
                },
                "display_name": "Default Security List for vcn-20201117-1133",
                "egress_security_rules": [
                  {
                    "description": "",
                    "destination": "0.0.0.0/0",
                    "destination_type": "CIDR_BLOCK",
                    "icmp_options": [],
                    "protocol": "all",
                    "stateless": false,
                    "tcp_options": [],
                    "udp_options": []
                  }
                ],
                "freeform_tags": {},
                "id": "ocid1.securitylist.oc1.ap-seoul-1.aaaaaaaaxhpjzf7tfheo2vxv44bpnioyk7yido5ldi5hcm7sjqxidqqepifa",
                "ingress_security_rules": [
                  {
                    "description": "",
                    "icmp_options": [],
                    "protocol": "6",
                    "source": "0.0.0.0/0",
                    "source_type": "CIDR_BLOCK",
                    "stateless": false,
                    "tcp_options": [
                      {
                        "max": 22,
                        "min": 22,
                        "source_port_range": []
                      }
                    ],
                    "udp_options": []
                  },
                  {
                    "description": "",
                    "icmp_options": [
                      {
                        "code": 4,
                        "type": 3
                      }
                    ],
                    "protocol": "1",
                    "source": "0.0.0.0/0",
                    "source_type": "CIDR_BLOCK",
                    "stateless": false,
                    "tcp_options": [],
                    "udp_options": []
                  },
                  {
                    "description": "",
                    "icmp_options": [
                      {
                        "code": -1,
                        "type": 3
                      }
                    ],
                    "protocol": "1",
                    "source": "10.0.0.0/16",
                    "source_type": "CIDR_BLOCK",
                    "stateless": false,
                    "tcp_options": [],
                    "udp_options": []
                  }
                ],
                "state": "AVAILABLE",
                "time_created": "2021-03-24 06:53:56.82 +0000 UTC",
                "vcn_id": "ocid1.vcn.oc1.ap-seoul-1.amaaaaaa7h4sxcia7ayuej4mr2lfq25ggpsr2thubjd7nlghvbzwhghfuurq"
              }
            ],
            "state": null,
            "vcn_id": "ocid1.vcn.oc1.ap-seoul-1.amaaaaaa7h4sxcia7ayuej4mr2lfq25ggpsr2thubjd7nlghvbzwhghfuurq"
          },
          "sensitive_attributes": []
        }
      ]
    },
    {
      "mode": "data",
      "type": "oci_core_subnet",
      "name": "main",
      "provider": "provider[\"registry.terraform.io/oracle/oci\"]",
      "instances": [
        {
          "schema_version": 0,
          "attributes": {
            "availability_domain": null,
            "cidr_block": "10.0.0.0/24",
            "compartment_id": "ocid1.tenancy.oc1..aaaaaaaazdw5dr7c6knes27ona5oesxvh3jnfdc2nw2lbh3hbokiw3wqbhta",
            "defined_tags": {
              "Oracle-Tags.CreatedBy": "shdkej@gmail.com",
              "Oracle-Tags.CreatedOn": "2021-03-24T06:53:57.456Z"
            },
            "dhcp_options_id": "ocid1.dhcpoptions.oc1.ap-seoul-1.aaaaaaaawfqf34wmijwe347ye2ziwhe7louhgoulqhp2jdgrqqfi5w7fhxha",
            "display_name": "subnet-20201117-1133",
            "dns_label": "subnet",
            "freeform_tags": {},
            "id": "ocid1.subnet.oc1.ap-seoul-1.aaaaaaaa4fkpsm66o6chhjzsj5lbdgqhh5sv3t7aa4omdy6cvya5jazad3da",
            "ipv6cidr_block": null,
            "ipv6cidr_blocks": [],
            "ipv6virtual_router_ip": null,
            "prohibit_internet_ingress": false,
            "prohibit_public_ip_on_vnic": false,
            "route_table_id": "ocid1.routetable.oc1.ap-seoul-1.aaaaaaaaymdr4okkds6mkwmkc7yt2flx5pmwbhtt7pxfjz3novl2lzqv3vwa",
            "security_list_ids": [
              "ocid1.securitylist.oc1.ap-seoul-1.aaaaaaaaxhpjzf7tfheo2vxv44bpnioyk7yido5ldi5hcm7sjqxidqqepifa",
              "ocid1.securitylist.oc1.ap-seoul-1.aaaaaaaa6ygcea3lscbpgjk5vwxd6rfyaxvdpnul2gw2wuznd4c4v5z72puq"
            ],
            "state": "AVAILABLE",
            "subnet_domain_name": "subnet.vcn.oraclevcn.com",
            "subnet_id": "ocid1.subnet.oc1.ap-seoul-1.aaaaaaaa4fkpsm66o6chhjzsj5lbdgqhh5sv3t7aa4omdy6cvya5jazad3da",
            "time_created": "2021-03-24 06:53:57.839 +0000 UTC",
            "vcn_id": "ocid1.vcn.oc1.ap-seoul-1.amaaaaaa7h4sxcia7ayuej4mr2lfq25ggpsr2thubjd7nlghvbzwhghfuurq",
            "virtual_router_ip": "10.0.0.1",
            "virtual_router_mac": "00:00:17:6C:3E:D4"
          },
          "sensitive_attributes": []
        }
      ]
    },
    {
      "mode": "data",
      "type": "oci_core_vcn",
      "name": "main",
      "provider": "provider[\"registry.terraform.io/oracle/oci\"]",
      "instances": [
        {
          "schema_version": 0,
          "attributes": {
            "byoipv6cidr_blocks": [],
            "byoipv6cidr_details": null,
            "cidr_block": "10.0.0.0/16",
            "cidr_blocks": [
              "10.0.0.0/16"
            ],
            "compartment_id": "ocid1.tenancy.oc1..aaaaaaaazdw5dr7c6knes27ona5oesxvh3jnfdc2nw2lbh3hbokiw3wqbhta",
            "default_dhcp_options_id": "ocid1.dhcpoptions.oc1.ap-seoul-1.aaaaaaaawfqf34wmijwe347ye2ziwhe7louhgoulqhp2jdgrqqfi5w7fhxha",
            "default_route_table_id": "ocid1.routetable.oc1.ap-seoul-1.aaaaaaaaymdr4okkds6mkwmkc7yt2flx5pmwbhtt7pxfjz3novl2lzqv3vwa",
            "default_security_list_id": "ocid1.securitylist.oc1.ap-seoul-1.aaaaaaaaxhpjzf7tfheo2vxv44bpnioyk7yido5ldi5hcm7sjqxidqqepifa",
            "defined_tags": {
              "Oracle-Tags.CreatedBy": "shdkej@gmail.com",
              "Oracle-Tags.CreatedOn": "2021-03-24T06:53:56.760Z"
            },
            "display_name": "vcn-20201117-1133",
            "dns_label": "vcn",
            "freeform_tags": {},
            "id": "ocid1.vcn.oc1.ap-seoul-1.amaaaaaa7h4sxcia7ayuej4mr2lfq25ggpsr2thubjd7nlghvbzwhghfuurq",
            "ipv6cidr_blocks": [],
            "ipv6private_cidr_blocks": [],
            "is_ipv6enabled": null,
            "is_oracle_gua_allocation_enabled": null,
            "state": "AVAILABLE",
            "time_created": "2021-03-24 06:53:56.82 +0000 UTC",
            "vcn_domain_name": "vcn.oraclevcn.com",
            "vcn_id": "ocid1.vcn.oc1.ap-seoul-1.amaaaaaa7h4sxcia7ayuej4mr2lfq25ggpsr2thubjd7nlghvbzwhghfuurq"
          },
          "sensitive_attributes": []
        }
      ]
    },
    {
      "mode": "managed",
      "type": "null_resource",
      "name": "attach_security_list",
      "provider": "provider[\"registry.terraform.io/hashicorp/null\"]",
      "instances": [
        {
          "schema_version": 0,
          "attributes": {
            "id": "7724017405347341805",
            "triggers": {
              "security_list_id": "ocid1.securitylist.oc1.ap-seoul-1.aaaaaaaadb27wauovpy6d7w4qtten2mvzw3rmafuqu2g2ftenkw5wzyksxbq"
            }
          },
          "sensitive_attributes": [],
          "dependencies": [
            "data.oci_core_subnet.main",
            "data.oci_core_vcn.main",
            "oci_core_security_list.k3s"
          ]
        }
      ]
    },
    {
      "mode": "managed",
      "type": "oci_core_security_list",
      "name": "k3s",
      "provider": "provider[\"registry.terraform.io/oracle/oci\"]",
      "instances": [
        {
          "schema_version": 0,
          "attributes": {
            "compartment_id": "ocid1.tenancy.oc1..aaaaaaaazdw5dr7c6knes27ona5oesxvh3jnfdc2nw2lbh3hbokiw3wqbhta",
            "defined_tags": {
              "Oracle-Tags.CreatedBy": "default/shdkej@gmail.com",
              "Oracle-Tags.CreatedOn": "2026-02-06T08:19:57.597Z"
            },
            "display_name": "k3s-security-list",
            "egress_security_rules": [
              {
                "description": "Allow all outbound traffic",
                "destination": "0.0.0.0/0",
                "destination_type": "CIDR_BLOCK",
                "icmp_options": [],
                "protocol": "all",
                "stateless": false,
                "tcp_options": [],
                "udp_options": []
              }
            ],
            "freeform_tags": {},
            "id": "ocid1.securitylist.oc1.ap-seoul-1.aaaaaaaadb27wauovpy6d7w4qtten2mvzw3rmafuqu2g2ftenkw5wzyksxbq",
            "ingress_security_rules": [
              {
                "description": "Flannel VXLAN",
                "icmp_options": [],
                "protocol": "17",
                "source": "10.0.0.0/16",
                "source_type": "CIDR_BLOCK",
                "stateless": false,
                "tcp_options": [],
                "udp_options": [
                  {
                    "max": 8472,
                    "min": 8472,
                    "source_port_range": []
                  }
                ]
              },
              {
                "description": "HTTP",
                "icmp_options": [],
                "protocol": "6",
                "source": "0.0.0.0/0",
                "source_type": "CIDR_BLOCK",
                "stateless": false,
                "tcp_options": [
                  {
                    "max": 80,
                    "min": 80,
                    "source_port_range": []
                  }
                ],
                "udp_options": []
              },
              {
                "description": "HTTPS",
                "icmp_options": [],
                "protocol": "6",
                "source": "0.0.0.0/0",
                "source_type": "CIDR_BLOCK",
                "stateless": false,
                "tcp_options": [
                  {
                    "max": 443,
                    "min": 443,
                    "source_port_range": []
                  }
                ],
                "udp_options": []
              },
              {
                "description": "ICMP (ping)",
                "icmp_options": [],
                "protocol": "1",
                "source": "0.0.0.0/0",
                "source_type": "CIDR_BLOCK",
                "stateless": false,
                "tcp_options": [],
                "udp_options": []
              },
              {
                "description": "K3S API Server",
                "icmp_options": [],
                "protocol": "6",
                "source": "0.0.0.0/0",
                "source_type": "CIDR_BLOCK",
                "stateless": false,
                "tcp_options": [
                  {
                    "max": 6443,
                    "min": 6443,
                    "source_port_range": []
                  }
                ],
                "udp_options": []
              },
              {
                "description": "Kubelet metrics",
                "icmp_options": [],
                "protocol": "6",
                "source": "10.0.0.0/16",
                "source_type": "CIDR_BLOCK",
                "stateless": false,
                "tcp_options": [
                  {
                    "max": 10250,
                    "min": 10250,
                    "source_port_range": []
                  }
                ],
                "udp_options": []
              },
              {
                "description": "NodePort range (30000-32767)",
                "icmp_options": [],
                "protocol": "6",
                "source": "0.0.0.0/0",
                "source_type": "CIDR_BLOCK",
                "stateless": false,
                "tcp_options": [
                  {
                    "max": 32767,
                    "min": 30000,
                    "source_port_range": []
                  }
                ],
                "udp_options": []
              },
              {
                "description": "SSH",
                "icmp_options": [],
                "protocol": "6",
                "source": "0.0.0.0/0",
                "source_type": "CIDR_BLOCK",
                "stateless": false,
                "tcp_options": [
                  {
                    "max": 22,
                    "min": 22,
                    "source_port_range": []
                  }
                ],
                "udp_options": []
              },
              {
                "description": "etcd client + peer (HA 대비)",
                "icmp_options": [],
                "protocol": "6",
                "source": "10.0.0.0/16",
                "source_type": "CIDR_BLOCK",
                "stateless": false,
                "tcp_options": [
                  {
                    "max": 2380,
                    "min": 2379,
                    "source_port_range": []
                  }
                ],
                "udp_options": []
              }
            ],
            "state": "AVAILABLE",
            "time_created": "2026-02-06 08:19:57.626 +0000 UTC",
            "timeouts": null,
            "vcn_id": "ocid1.vcn.oc1.ap-seoul-1.amaaaaaa7h4sxcia7ayuej4mr2lfq25ggpsr2thubjd7nlghvbzwhghfuurq"
          },
          "sensitive_attributes": [],
          "private": "eyJlMmJmYjczMC1lY2FhLTExZTYtOGY4OC0zNDM2M2JjN2M0YzAiOnsiY3JlYXRlIjoxMjAwMDAwMDAwMDAwLCJkZWxldGUiOjEyMDAwMDAwMDAwMDAsInVwZGF0ZSI6MTIwMDAwMDAwMDAwMH19",
          "dependencies": [
            "data.oci_core_subnet.main",
            "data.oci_core_vcn.main"
          ]
        }
      ]
    },
    {
      "mode": "managed",
      "type": "oci_load_balancer_backend",
      "name": "k3s_nodes",
      "provider": "provider[\"registry.terraform.io/oracle/oci\"]",
      "instances": [
        {
          "index_key": 0,
          "schema_version": 0,
          "attributes": {
            "backendset_name": "k3s-http-backend",
            "backup": false,
            "drain": false,
            "id": "loadBalancers/ocid1.loadbalancer.oc1.ap-seoul-1.aaaaaaaauet27rskzmtxgdev4632prt53aviyzlklp57irgn4nepcbq6dzna/backendSets/k3s-http-backend/backends/10.0.0.65:30080",
            "ip_address": "10.0.0.65",
            "load_balancer_id": "ocid1.loadbalancer.oc1.ap-seoul-1.aaaaaaaauet27rskzmtxgdev4632prt53aviyzlklp57irgn4nepcbq6dzna",
            "max_connections": null,
            "name": "10.0.0.65:30080",
            "offline": false,
            "port": 30080,
            "state": "SUCCEEDED",
            "timeouts": null,
            "weight": 1
          },
          "sensitive_attributes": [],
          "private": "eyJlMmJmYjczMC1lY2FhLTExZTYtOGY4OC0zNDM2M2JjN2M0YzAiOnsiY3JlYXRlIjoxMjAwMDAwMDAwMDAwLCJkZWxldGUiOjEyMDAwMDAwMDAwMDAsInVwZGF0ZSI6MTIwMDAwMDAwMDAwMH19",
          "dependencies": [
            "data.oci_core_instance.agents",
            "data.oci_core_instance.server",
            "data.oci_core_subnet.main",
            "oci_load_balancer_backend_set.k3s_http",
            "oci_load_balancer_load_balancer.k3s"
          ]
        },
        {
          "index_key": 1,
          "schema_version": 0,
          "attributes": {
            "backendset_name": "k3s-http-backend",
            "backup": false,
            "drain": false,
            "id": "loadBalancers/ocid1.loadbalancer.oc1.ap-seoul-1.aaaaaaaauet27rskzmtxgdev4632prt53aviyzlklp57irgn4nepcbq6dzna/backendSets/k3s-http-backend/backends/10.0.0.84:30080",
            "ip_address": "10.0.0.84",
            "load_balancer_id": "ocid1.loadbalancer.oc1.ap-seoul-1.aaaaaaaauet27rskzmtxgdev4632prt53aviyzlklp57irgn4nepcbq6dzna",
            "max_connections": null,
            "name": "10.0.0.84:30080",
            "offline": false,
            "port": 30080,
            "state": "SUCCEEDED",
            "timeouts": null,
            "weight": 1
          },
          "sensitive_attributes": [],
          "private": "eyJlMmJmYjczMC1lY2FhLTExZTYtOGY4OC0zNDM2M2JjN2M0YzAiOnsiY3JlYXRlIjoxMjAwMDAwMDAwMDAwLCJkZWxldGUiOjEyMDAwMDAwMDAwMDAsInVwZGF0ZSI6MTIwMDAwMDAwMDAwMH19",
          "dependencies": [
            "data.oci_core_instance.agents",
            "data.oci_core_instance.server",
            "data.oci_core_subnet.main",
            "oci_load_balancer_backend_set.k3s_http",
            "oci_load_balancer_load_balancer.k3s"
          ]
        },
        {
          "index_key": 2,
          "schema_version": 0,
          "attributes": {
            "backendset_name": "k3s-http-backend",
            "backup": false,
            "drain": false,
            "id": "loadBalancers/ocid1.loadbalancer.oc1.ap-seoul-1.aaaaaaaauet27rskzmtxgdev4632prt53aviyzlklp57irgn4nepcbq6dzna/backendSets/k3s-http-backend/backends/10.0.0.144:30080",
            "ip_address": "10.0.0.144",
            "load_balancer_id": "ocid1.loadbalancer.oc1.ap-seoul-1.aaaaaaaauet27rskzmtxgdev4632prt53aviyzlklp57irgn4nepcbq6dzna",
            "max_connections": null,
            "name": "10.0.0.144:30080",
            "offline": false,
            "port": 30080,
            "state": "SUCCEEDED",
            "timeouts": null,
            "weight": 1
          },
          "sensitive_attributes": [],
          "private": "eyJlMmJmYjczMC1lY2FhLTExZTYtOGY4OC0zNDM2M2JjN2M0YzAiOnsiY3JlYXRlIjoxMjAwMDAwMDAwMDAwLCJkZWxldGUiOjEyMDAwMDAwMDAwMDAsInVwZGF0ZSI6MTIwMDAwMDAwMDAwMH19",
          "dependencies": [
            "data.oci_core_instance.agents",
            "data.oci_core_instance.server",
            "data.oci_core_subnet.main",
            "oci_load_balancer_backend_set.k3s_http",
            "oci_load_balancer_load_balancer.k3s"
          ]
        }
      ]
    },
    {
      "mode": "managed",
      "type": "oci_load_balancer_backend_set",
      "name": "k3s_http",
      "provider": "provider[\"registry.terraform.io/oracle/oci\"]",
      "instances": [
        {
          "schema_version": 0,
          "attributes": {
            "backend": [],
            "backend_max_connections": null,
            "health_checker": [
              {
                "interval_ms": 30000,
                "is_force_plain_text": false,
                "port": 30080,
                "protocol": "TCP",
                "response_body_regex": ".*",
                "retries": 3,
                "return_code": 200,
                "timeout_in_millis": 3000,
                "url_path": ""
              }
            ],
            "id": "loadBalancers/ocid1.loadbalancer.oc1.ap-seoul-1.aaaaaaaauet27rskzmtxgdev4632prt53aviyzlklp57irgn4nepcbq6dzna/backendSets/k3s-http-backend",
            "lb_cookie_session_persistence_configuration": [],
            "load_balancer_id": "ocid1.loadbalancer.oc1.ap-seoul-1.aaaaaaaauet27rskzmtxgdev4632prt53aviyzlklp57irgn4nepcbq6dzna",
            "name": "k3s-http-backend",
            "policy": "ROUND_ROBIN",
            "session_persistence_configuration": [],
            "ssl_configuration": [],
            "state": "SUCCEEDED",
            "timeouts": null
          },
          "sensitive_attributes": [],
          "private": "eyJlMmJmYjczMC1lY2FhLTExZTYtOGY4OC0zNDM2M2JjN2M0YzAiOnsiY3JlYXRlIjoxMjAwMDAwMDAwMDAwLCJkZWxldGUiOjEyMDAwMDAwMDAwMDAsInVwZGF0ZSI6MTIwMDAwMDAwMDAwMH19",
          "dependencies": [
            "data.oci_core_subnet.main",
            "oci_load_balancer_load_balancer.k3s"
          ]
        }
      ]
    },
    {
      "mode": "managed",
      "type": "oci_load_balancer_listener",
      "name": "k3s_http",
      "provider": "provider[\"registry.terraform.io/oracle/oci\"]",
      "instances": [
        {
          "schema_version": 0,
          "attributes": {
            "connection_configuration": [
              {
                "backend_tcp_proxy_protocol_version": 0,
                "idle_timeout_in_seconds": "300"
              }
            ],
            "default_backend_set_name": "k3s-http-backend",
            "hostname_names": [],
            "id": "loadBalancers/ocid1.loadbalancer.oc1.ap-seoul-1.aaaaaaaauet27rskzmtxgdev4632prt53aviyzlklp57irgn4nepcbq6dzna/listeners/k3s-http-listener",
            "load_balancer_id": "ocid1.loadbalancer.oc1.ap-seoul-1.aaaaaaaauet27rskzmtxgdev4632prt53aviyzlklp57irgn4nepcbq6dzna",
            "name": "k3s-http-listener",
            "path_route_set_name": null,
            "port": 80,
            "protocol": "TCP",
            "routing_policy_name": null,
            "rule_set_names": [],
            "ssl_configuration": [],
            "state": "SUCCEEDED",
            "timeouts": null
          },
          "sensitive_attributes": [],
          "private": "eyJlMmJmYjczMC1lY2FhLTExZTYtOGY4OC0zNDM2M2JjN2M0YzAiOnsiY3JlYXRlIjoxMjAwMDAwMDAwMDAwLCJkZWxldGUiOjEyMDAwMDAwMDAwMDAsInVwZGF0ZSI6MTIwMDAwMDAwMDAwMH19",
          "dependencies": [
            "data.oci_core_subnet.main",
            "oci_load_balancer_backend_set.k3s_http",
            "oci_load_balancer_load_balancer.k3s"
          ]
        }
      ]
    },
    {
      "mode": "managed",
      "type": "oci_load_balancer_load_balancer",
      "name": "k3s",
      "provider": "provider[\"registry.terraform.io/oracle/oci\"]",
      "instances": [
        {
          "schema_version": 0,
          "attributes": {
            "compartment_id": "ocid1.tenancy.oc1..aaaaaaaazdw5dr7c6knes27ona5oesxvh3jnfdc2nw2lbh3hbokiw3wqbhta",
            "defined_tags": {
              "Oracle-Tags.CreatedBy": "default/shdkej@gmail.com",
              "Oracle-Tags.CreatedOn": "2026-02-06T08:19:57.587Z"
            },
            "display_name": "k3s-lb",
            "freeform_tags": {},
            "id": "ocid1.loadbalancer.oc1.ap-seoul-1.aaaaaaaauet27rskzmtxgdev4632prt53aviyzlklp57irgn4nepcbq6dzna",
            "ip_address_details": [
              {
                "ip_address": "146.56.139.109",
                "is_public": true,
                "reserved_ip": []
              }
            ],
            "ip_addresses": [
              "146.56.139.109"
            ],
            "ip_mode": "IPV4",
            "is_delete_protection_enabled": null,
            "is_private": false,
            "network_security_group_ids": null,
            "reserved_ips": [],
            "shape": "flexible",
            "shape_details": [
              {
                "maximum_bandwidth_in_mbps": 10,
                "minimum_bandwidth_in_mbps": 10
              }
            ],
            "state": "ACTIVE",
            "subnet_ids": [
              "ocid1.subnet.oc1.ap-seoul-1.aaaaaaaa4fkpsm66o6chhjzsj5lbdgqhh5sv3t7aa4omdy6cvya5jazad3da"
            ],
            "system_tags": {},
            "time_created": "2026-02-06 08:19:57.802 +0000 UTC",
            "timeouts": null
          },
          "sensitive_attributes": [],
          "private": "eyJlMmJmYjczMC1lY2FhLTExZTYtOGY4OC0zNDM2M2JjN2M0YzAiOnsiY3JlYXRlIjoxMjAwMDAwMDAwMDAwLCJkZWxldGUiOjEyMDAwMDAwMDAwMDAsInVwZGF0ZSI6MTIwMDAwMDAwMDAwMH19",
          "dependencies": [
            "data.oci_core_subnet.main"
          ]
        }
      ]
    },
    {
      "module": "module.k3s",
      "mode": "data",
      "type": "local_file",
      "name": "k3s_token",
      "provider": "provider[\"registry.terraform.io/hashicorp/local\"]",
      "instances": [
        {
          "schema_version": 0,
          "attributes": {
            "content": "K10611674f6b471657f156c376922cf20d9d67f730541bbc05911683173b45dc167::server:9178387f919ef3508d31311d84d9705f\n",
            "content_base64": "SzEwNjExNjc0ZjZiNDcxNjU3ZjE1NmMzNzY5MjJjZjIwZDlkNjdmNzMwNTQxYmJjMDU5MTE2ODMxNzNiNDVkYzE2Nzo6c2VydmVyOjkxNzgzODdmOTE5ZWYzNTA4ZDMxMzExZDg0ZDk3MDVmCg==",
            "content_base64sha256": "MHRmHooGw3DSAIKb6hGA9qO/CHQavbAuqVnqrKd/e8w=",
            "content_base64sha512": "/EI0IlzJQDujKr2Hj+W3zZxXsY4mParYUgSXxDCnaEvDpA/BfSbE0go8+ZdByzaa+KpBkqCF7nFgDnM9uc9sJw==",
            "content_md5": "e8be411911ddd05b670ebe75a38f89c8",
            "content_sha1": "021ea37790cc7b9e33baaff740a9175bf9818627",
            "content_sha256": "3074661e8a06c370d200829bea1180f6a3bf08741abdb02ea959eaaca77f7bcc",
            "content_sha512": "fc4234225cc9403ba32abd878fe5b7cd9c57b18e263daad8520497c430a7684bc3a40fc17d26c4d20a3cf99741cb369af8aa4192a085ee71600e733db9cf6c27",
            "filename": "/Users/seongho-noh/workspace/space/infra-oracle/.node-token",
            "id": "021ea37790cc7b9e33baaff740a9175bf9818627"
          },
          "sensitive_attributes": []
        }
      ]
    },
    {
      "module": "module.k3s",
      "mode": "managed",
      "type": "null_resource",
      "name": "firewall_agents",
      "provider": "provider[\"registry.terraform.io/hashicorp/null\"]",
      "instances": [
        {
          "index_key": 0,
          "schema_version": 0,
          "attributes": {
            "id": "4954799685619998146",
            "triggers": null
          },
          "sensitive_attributes": [],
          "dependencies": [
            "data.oci_core_instance.agents",
            "data.oci_core_subnet.main",
            "data.oci_core_vcn.main",
            "null_resource.attach_security_list",
            "oci_core_security_list.k3s"
          ]
        },
        {
          "index_key": 1,
          "schema_version": 0,
          "attributes": {
            "id": "3654679341425656512",
            "triggers": null
          },
          "sensitive_attributes": [],
          "dependencies": [
            "data.oci_core_instance.agents",
            "data.oci_core_subnet.main",
            "data.oci_core_vcn.main",
            "null_resource.attach_security_list",
            "oci_core_security_list.k3s"
          ]
        }
      ]
    },
    {
      "module": "module.k3s",
      "mode": "managed",
      "type": "null_resource",
      "name": "firewall_server",
      "provider": "provider[\"registry.terraform.io/hashicorp/null\"]",
      "instances": [
        {
          "schema_version": 0,
          "attributes": {
            "id": "1592719107006555366",
            "triggers": null
          },
          "sensitive_attributes": [],
          "dependencies": [
            "data.oci_core_instance.server",
            "data.oci_core_subnet.main",
            "data.oci_core_vcn.main",
            "null_resource.attach_security_list",
            "oci_core_security_list.k3s"
          ]
        }
      ]
    },
    {
      "module": "module.k3s",
      "mode": "managed",
      "type": "null_resource",
      "name": "k3s_agents",
      "provider": "provider[\"registry.terraform.io/hashicorp/null\"]",
      "instances": [
        {
          "index_key": 0,
          "schema_version": 0,
          "attributes": {
            "id": "2771830860816246509",
            "triggers": null
          },
          "sensitive_attributes": [],
          "dependencies": [
            "data.oci_core_instance.agents",
            "data.oci_core_instance.server",
            "module.k3s.data.local_file.k3s_token",
            "module.k3s.null_resource.firewall_agents",
            "module.k3s.null_resource.k3s_token",
            "null_resource.attach_security_list",
            "oci_core_security_list.k3s"
          ]
        },
        {
          "index_key": 1,
          "schema_version": 0,
          "attributes": {
            "id": "7796252933686047313",
            "triggers": null
          },
          "sensitive_attributes": [],
          "dependencies": [
            "data.oci_core_instance.agents",
            "data.oci_core_instance.server",
            "module.k3s.data.local_file.k3s_token",
            "module.k3s.null_resource.firewall_agents",
            "module.k3s.null_resource.k3s_token",
            "null_resource.attach_security_list",
            "oci_core_security_list.k3s"
          ]
        }
      ]
    },
    {
      "module": "module.k3s",
      "mode": "managed",
      "type": "null_resource",
      "name": "k3s_server",
      "provider": "provider[\"registry.terraform.io/hashicorp/null\"]",
      "instances": [
        {
          "schema_version": 0,
          "attributes": {
            "id": "1747429906542016883",
            "triggers": null
          },
          "sensitive_attributes": [],
          "dependencies": [
            "data.oci_core_instance.server",
            "data.oci_core_subnet.main",
            "data.oci_core_vcn.main",
            "module.k3s.null_resource.firewall_server",
            "null_resource.attach_security_list",
            "oci_core_security_list.k3s"
          ]
        }
      ]
    },
    {
      "module": "module.k3s",
      "mode": "managed",
      "type": "null_resource",
      "name": "k3s_token",
      "provider": "provider[\"registry.terraform.io/hashicorp/null\"]",
      "instances": [
        {
          "schema_version": 0,
          "attributes": {
            "id": "6290534522560379342",
            "triggers": {
              "server_id": "1747429906542016883"
            }
          },
          "sensitive_attributes": [],
          "dependencies": [
            "data.oci_core_instance.server",
            "data.oci_core_subnet.main",
            "data.oci_core_vcn.main",
            "module.k3s.null_resource.firewall_server",
            "module.k3s.null_resource.k3s_server",
            "null_resource.attach_security_list",
            "oci_core_security_list.k3s"
          ]
        }
      ]
    },
    {
      "module": "module.k3s",
      "mode": "managed",
      "type": "null_resource",
      "name": "kubeconfig",
      "provider": "provider[\"registry.terraform.io/hashicorp/null\"]",
      "instances": [
        {
          "schema_version": 0,
          "attributes": {
            "id": "6340991825081888903",
            "triggers": {
              "server_id": "1747429906542016883"
            }
          },
          "sensitive_attributes": [],
          "dependencies": [
            "data.oci_core_instance.server",
            "data.oci_core_subnet.main",
            "data.oci_core_vcn.main",
            "module.k3s.null_resource.firewall_server",
            "module.k3s.null_resource.k3s_server",
            "null_resource.attach_security_list",
            "oci_core_security_list.k3s"
          ]
        }
      ]
    }
  ],
  "check_results": null
}
